// !$*UTF8*$!
{
	archiveVersion = 1;
	classes = {
	};
	objectVersion = 46;
	objects = {

/* Begin PBXAggregateTarget section */
		6F88AF33CC9AA303B50BD1DD /* SurpSynth - All */ = {
			isa = PBXAggregateTarget;
			buildConfigurationList = 0AAC76AA30D5604F7C65498A;
			buildPhases = (
			);
			dependencies = (
				A5028EC17279169FB608C9B6,
				83666326219FC68AB6D66E3B,
				B64C48EFA2130EA4E6BDCE09,
				941BD873A7CE5569D43344DE,
			);
			name = "SurpSynth - All";
			productName = SurpSynth;
		};
/* End PBXAggregateTarget section */

/* Begin PBXBuildFile section */
		03E22C5D0A49E69140034F0C /* include_juce_audio_plugin_client_VST3.cpp */ = {isa = PBXBuildFile; fileRef = 90D45BC7FEBFDE849AB411E4; };
		05D973252088DFFF9A589616 /* SynthVoice.cpp */ = {isa = PBXBuildFile; fileRef = 43C92775949FA44C5746A5D8; };
		0A4E267458BF08BB3EC5F863 /* PluginProcessor.cpp */ = {isa = PBXBuildFile; fileRef = 1EEC011A251A66E24BCBDB02; };
		0DF2176CBB0E3A8C9B846C00 /* include_juce_audio_plugin_client_AU_2.mm */ = {isa = PBXBuildFile; fileRef = 1EACB4381576811B537636C9; };
		144D6A9874E4C47CD1F72D20 /* include_juce_gui_extra.mm */ = {isa = PBXBuildFile; fileRef = 10BCFEE52D40DB6DADA696CE; };
		2172C5A3E51350329E6C5432 /* include_juce_audio_plugin_client_AU_1.mm */ = {isa = PBXBuildFile; fileRef = 3B7863C534852DAE310CBBA9; };
		2B2B23A2E2E79EF2294FF5E9 /* AU */ = {isa = PBXBuildFile; fileRef = 8C50D547D93D0B4065162552; };
		336CA9E69E029543690DA7BE /* PluginEditor.cpp */ = {isa = PBXBuildFile; fileRef = CC238722ABBAD50A07948A1C; };
		35980233C4836E4C8214644E /* include_juce_audio_devices.mm */ = {isa = PBXBuildFile; fileRef = 89F064E20988E1B474185BF3; };
		37B4B70B4CBF538470769815 /* include_juce_graphics.mm */ = {isa = PBXBuildFile; fileRef = 7EF4EC18484AEB40E582C623; };
		38F56B9279ED885BB7FAB46F /* include_juce_gui_basics.mm */ = {isa = PBXBuildFile; fileRef = 783FB1CF31CB8057A5363A87; };
		44D48B29BC54CDC9FFC26FB3 /* CoreAudioKit.framework */ = {isa = PBXBuildFile; fileRef = A6CBBE934708EDBB8D966E57; };
		459A6BCFFE64FA6B1D299DDB /* include_juce_audio_formats.mm */ = {isa = PBXBuildFile; fileRef = 75A57BC520F7DD294BF26B62; };
		46E1A073377D0742E6B4D4D2 /* include_juce_dsp.mm */ = {isa = PBXBuildFile; fileRef = BFBE9A03ECC3BC5C11C282DF; };
		556E367C616EB75678356BB7 /* include_juce_audio_plugin_client_AU.r */ = {isa = PBXBuildFile; fileRef = B02952CA3B16609E26811098; };
		5DDC3B3D14372CE01E3670AD /* AudioUnit.framework */ = {isa = PBXBuildFile; fileRef = 772FF1F2E5FAC9D0942A044F; };
		60899915692BFDBEEBF96EE8 /* include_juce_audio_plugin_client_Standalone.cpp */ = {isa = PBXBuildFile; fileRef = 26D269CEA2C07AB7E8ADDF46; };
		6BC5CED7B4EDEAE82919EA8A /* CoreAudio.framework */ = {isa = PBXBuildFile; fileRef = 8E7018CEF50EFB6459F67C5E; };
		7D2294B5BAC2C05D25279032 /* include_juce_events.mm */ = {isa = PBXBuildFile; fileRef = 94F8BA43378C1F028DBA53D9; };
		81191B9F8A724B2A1DEDB7A9 /* Carbon.framework */ = {isa = PBXBuildFile; fileRef = 4B9187BB24E5404579766D57; };
		8846C10535D926519C0D6C21 /* DiscRecording.framework */ = {isa = PBXBuildFile; fileRef = 66E0308A0970A6D260AF0D48; };
		888F240811DA3B98110319F6 /* include_juce_core.mm */ = {isa = PBXBuildFile; fileRef = AF5EE45BB2A90E4EC3E4BD23; };
		8A42C47723493AEF31E77DC1 /* AudioToolbox.framework */ = {isa = PBXBuildFile; fileRef = 5E5669F5AEA8BF18F7AB23AF; };
		8D59FEA0CFBD446CCD0EF1C1 /* Cocoa.framework */ = {isa = PBXBuildFile; fileRef = C13EA1E2E9171537A44BC53B; };
		8F97645AF3CECAA0AB13F144 /* include_juce_audio_processors.mm */ = {isa = PBXBuildFile; fileRef = CCA14F3087CD527195D978B0; };
		97F028AC98827B456ACC0353 /* include_juce_audio_plugin_client_utils.cpp */ = {isa = PBXBuildFile; fileRef = 003676539344FD3502A87F14; };
		A9A395A2F45A11F4BF0CF526 /* QuartzCore.framework */ = {isa = PBXBuildFile; fileRef = ABF1F526B5DC69BE878AEBAF; };
		AB1A4AF2E4183D783F01BBB6 /* Accelerate.framework */ = {isa = PBXBuildFile; fileRef = CDA6655CD2056B8889376745; };
		AC09D45809AD02FEE3329252 /* CoreMIDI.framework */ = {isa = PBXBuildFile; fileRef = A85DB21AB98C1BA4920F517D; };
		B6EAA2835F3804421125D70A /* include_juce_audio_utils.mm */ = {isa = PBXBuildFile; fileRef = 8456BFC97DF48ECE9CD804C5; };
		B776D686E5D07366AAB8BF09 /* RecentFilesMenuTemplate.nib */ = {isa = PBXBuildFile; fileRef = 82EE8A32DDB83FF25A68AB90; };
		C1DF4201498BEBA2BCF59736 /* Standalone Plugin */ = {isa = PBXBuildFile; fileRef = DC199071A903BAC91DA826F6; };
		CBF3B402D40BCF89ABCB662E /* Shared Code */ = {isa = PBXBuildFile; fileRef = 9D961FA20BA1CDCFA013A4D3; };
		CD54F8C820E83BF18DA2CB5C /* include_juce_audio_plugin_client_VST_utils.mm */ = {isa = PBXBuildFile; fileRef = 085BBB24E33546C6EABDDD73; };
		D0BA72A84412413EFA5113BD /* include_juce_audio_basics.mm */ = {isa = PBXBuildFile; fileRef = 97DEA6D690D178EEA10EE233; };
		E316F89BF8618D4E5E7CFE80 /* WebKit.framework */ = {isa = PBXBuildFile; fileRef = 904ABD9FB11DD9F587DC23A8; };
		E74ED18F5C47904BE5B30101 /* IOKit.framework */ = {isa = PBXBuildFile; fileRef = 1F31F1B70EEE2127B85CCA9D; };
		EFB8B0F2F404420ABA99FA64 /* VST3 */ = {isa = PBXBuildFile; fileRef = 5FA76AC532F5ADBA2D230FE4; };
		F49C2638654263BDEA3AB3AE /* Foundation.framework */ = {isa = PBXBuildFile; fileRef = C3B6D9C8F66D78840D37C44D; };
		FCE8BC9A231D975CD7AAF5F0 /* include_juce_data_structures.mm */ = {isa = PBXBuildFile; fileRef = 7F401CC36828D1FC437BB430; };
/* End PBXBuildFile section */

/* Begin PBXFileReference section */
		003676539344FD3502A87F14 /* include_juce_audio_plugin_client_utils.cpp */ /* include_juce_audio_plugin_client_utils.cpp */ = {isa = PBXFileReference; lastKnownFileType = sourcecode.cpp.cpp; name = include_juce_audio_plugin_client_utils.cpp; path = ../../JuceLibraryCode/include_juce_audio_plugin_client_utils.cpp; sourceTree = SOURCE_ROOT; };
		085BBB24E33546C6EABDDD73 /* include_juce_audio_plugin_client_VST_utils.mm */ /* include_juce_audio_plugin_client_VST_utils.mm */ = {isa = PBXFileReference; lastKnownFileType = sourcecode.cpp.objcpp; name = include_juce_audio_plugin_client_VST_utils.mm; path = ../../JuceLibraryCode/include_juce_audio_plugin_client_VST_utils.mm; sourceTree = SOURCE_ROOT; };
		10BCFEE52D40DB6DADA696CE /* include_juce_gui_extra.mm */ /* include_juce_gui_extra.mm */ = {isa = PBXFileReference; lastKnownFileType = sourcecode.cpp.objcpp; name = include_juce_gui_extra.mm; path = ../../JuceLibraryCode/include_juce_gui_extra.mm; sourceTree = SOURCE_ROOT; };
		1EACB4381576811B537636C9 /* include_juce_audio_plugin_client_AU_2.mm */ /* include_juce_audio_plugin_client_AU_2.mm */ = {isa = PBXFileReference; lastKnownFileType = sourcecode.cpp.objcpp; name = include_juce_audio_plugin_client_AU_2.mm; path = ../../JuceLibraryCode/include_juce_audio_plugin_client_AU_2.mm; sourceTree = SOURCE_ROOT; };
		1EEC011A251A66E24BCBDB02 /* PluginProcessor.cpp */ /* PluginProcessor.cpp */ = {isa = PBXFileReference; lastKnownFileType = sourcecode.cpp.cpp; name = PluginProcessor.cpp; path = ../../Source/PluginProcessor.cpp; sourceTree = SOURCE_ROOT; };
		1F31F1B70EEE2127B85CCA9D /* IOKit.framework */ /* IOKit.framework */ = {isa = PBXFileReference; lastKnownFileType = wrapper.framework; name = IOKit.framework; path = System/Library/Frameworks/IOKit.framework; sourceTree = SDKROOT; };
		26D269CEA2C07AB7E8ADDF46 /* include_juce_audio_plugin_client_Standalone.cpp */ /* include_juce_audio_plugin_client_Standalone.cpp */ = {isa = PBXFileReference; lastKnownFileType = sourcecode.cpp.cpp; name = include_juce_audio_plugin_client_Standalone.cpp; path = ../../JuceLibraryCode/include_juce_audio_plugin_client_Standalone.cpp; sourceTree = SOURCE_ROOT; };
		30DAECA805DC2BAEA8E85566 /* juce_audio_utils */ /* juce_audio_utils */ = {isa = PBXFileReference; lastKnownFileType = folder; name = juce_audio_utils; path = /Users/hunterkrasa/Downloads/JUCE/modules/juce_audio_utils; sourceTree = "<absolute>"; };
		31B41BA942DB8A2F678ADCE2 /* juce_audio_basics */ /* juce_audio_basics */ = {isa = PBXFileReference; lastKnownFileType = folder; name = juce_audio_basics; path = /Users/hunterkrasa/Downloads/JUCE/modules/juce_audio_basics; sourceTree = "<absolute>"; };
		3B7863C534852DAE310CBBA9 /* include_juce_audio_plugin_client_AU_1.mm */ /* include_juce_audio_plugin_client_AU_1.mm */ = {isa = PBXFileReference; lastKnownFileType = sourcecode.cpp.objcpp; name = include_juce_audio_plugin_client_AU_1.mm; path = ../../JuceLibraryCode/include_juce_audio_plugin_client_AU_1.mm; sourceTree = SOURCE_ROOT; };
		3CC2DB6C690000CDB258BF31 /* juce_gui_extra */ /* juce_gui_extra */ = {isa = PBXFileReference; lastKnownFileType = folder; name = juce_gui_extra; path = /Users/hunterkrasa/Downloads/JUCE/modules/juce_gui_extra; sourceTree = "<absolute>"; };
		43C92775949FA44C5746A5D8 /* SynthVoice.cpp */ /* SynthVoice.cpp */ = {isa = PBXFileReference; lastKnownFileType = sourcecode.cpp.cpp; name = SynthVoice.cpp; path = ../../Source/SynthVoice.cpp; sourceTree = SOURCE_ROOT; };
		4B9187BB24E5404579766D57 /* Carbon.framework */ /* Carbon.framework */ = {isa = PBXFileReference; lastKnownFileType = wrapper.framework; name = Carbon.framework; path = System/Library/Frameworks/Carbon.framework; sourceTree = SDKROOT; };
		5B7CCEAFBA3316AD5ABC1F8D /* juce_dsp */ /* juce_dsp */ = {isa = PBXFileReference; lastKnownFileType = folder; name = juce_dsp; path = /Users/hunterkrasa/Downloads/JUCE/modules/juce_dsp; sourceTree = "<absolute>"; };
		5E5669F5AEA8BF18F7AB23AF /* AudioToolbox.framework */ /* AudioToolbox.framework */ = {isa = PBXFileReference; lastKnownFileType = wrapper.framework; name = AudioToolbox.framework; path = System/Library/Frameworks/AudioToolbox.framework; sourceTree = SDKROOT; };
		5FA76AC532F5ADBA2D230FE4 /* VST3 */ = {isa = PBXFileReference; explicitFileType = wrapper.cfbundle; includeInIndex = 0; path = SurpSynth.vst3; sourceTree = BUILT_PRODUCTS_DIR; };
		64BBFFE72F645513B548C870 /* juce_events */ /* juce_events */ = {isa = PBXFileReference; lastKnownFileType = folder; name = juce_events; path = /Users/hunterkrasa/Downloads/JUCE/modules/juce_events; sourceTree = "<absolute>"; };
		65518969ACA2F67D718EDB4E /* Info-Standalone_Plugin.plist */ /* Info-Standalone_Plugin.plist */ = {isa = PBXFileReference; lastKnownFileType = text.plist.xml; name = "Info-Standalone_Plugin.plist"; path = "Info-Standalone_Plugin.plist"; sourceTree = SOURCE_ROOT; };
		6593870D9B1FD946E5A79BCB /* PluginEditor.h */ /* PluginEditor.h */ = {isa = PBXFileReference; lastKnownFileType = sourcecode.c.h; name = PluginEditor.h; path = ../../Source/PluginEditor.h; sourceTree = SOURCE_ROOT; };
		66D205186BC5FA8CED20AD7E /* juce_audio_plugin_client */ /* juce_audio_plugin_client */ = {isa = PBXFileReference; lastKnownFileType = folder; name = juce_audio_plugin_client; path = /Users/hunterkrasa/Downloads/JUCE/modules/juce_audio_plugin_client; sourceTree = "<absolute>"; };
		66E0308A0970A6D260AF0D48 /* DiscRecording.framework */ /* DiscRecording.framework */ = {isa = PBXFileReference; lastKnownFileType = wrapper.framework; name = DiscRecording.framework; path = System/Library/Frameworks/DiscRecording.framework; sourceTree = SDKROOT; };
		75A57BC520F7DD294BF26B62 /* include_juce_audio_formats.mm */ /* include_juce_audio_formats.mm */ = {isa = PBXFileReference; lastKnownFileType = sourcecode.cpp.objcpp; name = include_juce_audio_formats.mm; path = ../../JuceLibraryCode/include_juce_audio_formats.mm; sourceTree = SOURCE_ROOT; };
		764DE0176539450BA699009B /* Info-AU.plist */ /* Info-AU.plist */ = {isa = PBXFileReference; lastKnownFileType = text.plist.xml; name = "Info-AU.plist"; path = "Info-AU.plist"; sourceTree = SOURCE_ROOT; };
		772FF1F2E5FAC9D0942A044F /* AudioUnit.framework */ /* AudioUnit.framework */ = {isa = PBXFileReference; lastKnownFileType = wrapper.framework; name = AudioUnit.framework; path = System/Library/Frameworks/AudioUnit.framework; sourceTree = SDKROOT; };
		783FB1CF31CB8057A5363A87 /* include_juce_gui_basics.mm */ /* include_juce_gui_basics.mm */ = {isa = PBXFileReference; lastKnownFileType = sourcecode.cpp.objcpp; name = include_juce_gui_basics.mm; path = ../../JuceLibraryCode/include_juce_gui_basics.mm; sourceTree = SOURCE_ROOT; };
		7B52AB65D29F8140D96826F1 /* SynthSound.h */ /* SynthSound.h */ = {isa = PBXFileReference; lastKnownFileType = sourcecode.c.h; name = SynthSound.h; path = ../../Source/SynthSound.h; sourceTree = SOURCE_ROOT; };
		7EF4EC18484AEB40E582C623 /* include_juce_graphics.mm */ /* include_juce_graphics.mm */ = {isa = PBXFileReference; lastKnownFileType = sourcecode.cpp.objcpp; name = include_juce_graphics.mm; path = ../../JuceLibraryCode/include_juce_graphics.mm; sourceTree = SOURCE_ROOT; };
		7F401CC36828D1FC437BB430 /* include_juce_data_structures.mm */ /* include_juce_data_structures.mm */ = {isa = PBXFileReference; lastKnownFileType = sourcecode.cpp.objcpp; name = include_juce_data_structures.mm; path = ../../JuceLibraryCode/include_juce_data_structures.mm; sourceTree = SOURCE_ROOT; };
		803D056120D425524394E7C1 /* juce_graphics */ /* juce_graphics */ = {isa = PBXFileReference; lastKnownFileType = folder; name = juce_graphics; path = /Users/hunterkrasa/Downloads/JUCE/modules/juce_graphics; sourceTree = "<absolute>"; };
		82EE8A32DDB83FF25A68AB90 /* RecentFilesMenuTemplate.nib */ /* RecentFilesMenuTemplate.nib */ = {isa = PBXFileReference; lastKnownFileType = file.nib; name = RecentFilesMenuTemplate.nib; path = RecentFilesMenuTemplate.nib; sourceTree = SOURCE_ROOT; };
		8456BFC97DF48ECE9CD804C5 /* include_juce_audio_utils.mm */ /* include_juce_audio_utils.mm */ = {isa = PBXFileReference; lastKnownFileType = sourcecode.cpp.objcpp; name = include_juce_audio_utils.mm; path = ../../JuceLibraryCode/include_juce_audio_utils.mm; sourceTree = SOURCE_ROOT; };
		89F064E20988E1B474185BF3 /* include_juce_audio_devices.mm */ /* include_juce_audio_devices.mm */ = {isa = PBXFileReference; lastKnownFileType = sourcecode.cpp.objcpp; name = include_juce_audio_devices.mm; path = ../../JuceLibraryCode/include_juce_audio_devices.mm; sourceTree = SOURCE_ROOT; };
		89FE0A173ADA0239E28E88D5 /* JucePluginDefines.h */ /* JucePluginDefines.h */ = {isa = PBXFileReference; lastKnownFileType = sourcecode.c.h; name = JucePluginDefines.h; path = ../../JuceLibraryCode/JucePluginDefines.h; sourceTree = SOURCE_ROOT; };
		8C50D547D93D0B4065162552 /* AU */ = {isa = PBXFileReference; explicitFileType = wrapper.cfbundle; includeInIndex = 0; path = SurpSynth.component; sourceTree = BUILT_PRODUCTS_DIR; };
		8E67C8BAEE1DC8C8E5E582CC /* PluginProcessor.h */ /* PluginProcessor.h */ = {isa = PBXFileReference; lastKnownFileType = sourcecode.c.h; name = PluginProcessor.h; path = ../../Source/PluginProcessor.h; sourceTree = SOURCE_ROOT; };
		8E7018CEF50EFB6459F67C5E /* CoreAudio.framework */ /* CoreAudio.framework */ = {isa = PBXFileReference; lastKnownFileType = wrapper.framework; name = CoreAudio.framework; path = System/Library/Frameworks/CoreAudio.framework; sourceTree = SDKROOT; };
		904ABD9FB11DD9F587DC23A8 /* WebKit.framework */ /* WebKit.framework */ = {isa = PBXFileReference; lastKnownFileType = wrapper.framework; name = WebKit.framework; path = System/Library/Frameworks/WebKit.framework; sourceTree = SDKROOT; };
		90D45BC7FEBFDE849AB411E4 /* include_juce_audio_plugin_client_VST3.cpp */ /* include_juce_audio_plugin_client_VST3.cpp */ = {isa = PBXFileReference; lastKnownFileType = sourcecode.cpp.cpp; name = include_juce_audio_plugin_client_VST3.cpp; path = ../../JuceLibraryCode/include_juce_audio_plugin_client_VST3.cpp; sourceTree = SOURCE_ROOT; };
		935875DCEB9BD4565E8944B1 /* JuceHeader.h */ /* JuceHeader.h */ = {isa = PBXFileReference; lastKnownFileType = sourcecode.c.h; name = JuceHeader.h; path = ../../JuceLibraryCode/JuceHeader.h; sourceTree = SOURCE_ROOT; };
		94F8BA43378C1F028DBA53D9 /* include_juce_events.mm */ /* include_juce_events.mm */ = {isa = PBXFileReference; lastKnownFileType = sourcecode.cpp.objcpp; name = include_juce_events.mm; path = ../../JuceLibraryCode/include_juce_events.mm; sourceTree = SOURCE_ROOT; };
		97DEA6D690D178EEA10EE233 /* include_juce_audio_basics.mm */ /* include_juce_audio_basics.mm */ = {isa = PBXFileReference; lastKnownFileType = sourcecode.cpp.objcpp; name = include_juce_audio_basics.mm; path = ../../JuceLibraryCode/include_juce_audio_basics.mm; sourceTree = SOURCE_ROOT; };
		9D961FA20BA1CDCFA013A4D3 /* Shared Code */ = {isa = PBXFileReference; explicitFileType = archive.ar; includeInIndex = 0; path = libSurpSynth.a; sourceTree = BUILT_PRODUCTS_DIR; };
		A6CBBE934708EDBB8D966E57 /* CoreAudioKit.framework */ /* CoreAudioKit.framework */ = {isa = PBXFileReference; lastKnownFileType = wrapper.framework; name = CoreAudioKit.framework; path = System/Library/Frameworks/CoreAudioKit.framework; sourceTree = SDKROOT; };
		A85DB21AB98C1BA4920F517D /* CoreMIDI.framework */ /* CoreMIDI.framework */ = {isa = PBXFileReference; lastKnownFileType = wrapper.framework; name = CoreMIDI.framework; path = System/Library/Frameworks/CoreMIDI.framework; sourceTree = SDKROOT; };
		ABF1F526B5DC69BE878AEBAF /* QuartzCore.framework */ /* QuartzCore.framework */ = {isa = PBXFileReference; lastKnownFileType = wrapper.framework; name = QuartzCore.framework; path = System/Library/Frameworks/QuartzCore.framework; sourceTree = SDKROOT; };
		AF5EE45BB2A90E4EC3E4BD23 /* include_juce_core.mm */ /* include_juce_core.mm */ = {isa = PBXFileReference; lastKnownFileType = sourcecode.cpp.objcpp; name = include_juce_core.mm; path = ../../JuceLibraryCode/include_juce_core.mm; sourceTree = SOURCE_ROOT; };
		B02952CA3B16609E26811098 /* include_juce_audio_plugin_client_AU.r */ /* include_juce_audio_plugin_client_AU.r */ = {isa = PBXFileReference; lastKnownFileType = file.r; name = include_juce_audio_plugin_client_AU.r; path = ../../JuceLibraryCode/include_juce_audio_plugin_client_AU.r; sourceTree = SOURCE_ROOT; };
		B292616C1A091A9E6E64AEEE /* juce_gui_basics */ /* juce_gui_basics */ = {isa = PBXFileReference; lastKnownFileType = folder; name = juce_gui_basics; path = /Users/hunterkrasa/Downloads/JUCE/modules/juce_gui_basics; sourceTree = "<absolute>"; };
		BFBE9A03ECC3BC5C11C282DF /* include_juce_dsp.mm */ /* include_juce_dsp.mm */ = {isa = PBXFileReference; lastKnownFileType = sourcecode.cpp.objcpp; name = include_juce_dsp.mm; path = ../../JuceLibraryCode/include_juce_dsp.mm; sourceTree = SOURCE_ROOT; };
		C13EA1E2E9171537A44BC53B /* Cocoa.framework */ /* Cocoa.framework */ = {isa = PBXFileReference; lastKnownFileType = wrapper.framework; name = Cocoa.framework; path = System/Library/Frameworks/Cocoa.framework; sourceTree = SDKROOT; };
		C3B6D9C8F66D78840D37C44D /* Foundation.framework */ /* Foundation.framework */ = {isa = PBXFileReference; lastKnownFileType = wrapper.framework; name = Foundation.framework; path = System/Library/Frameworks/Foundation.framework; sourceTree = SDKROOT; };
		C4DC94E82F09456C4C8B0EDA /* juce_audio_devices */ /* juce_audio_devices */ = {isa = PBXFileReference; lastKnownFileType = folder; name = juce_audio_devices; path = /Users/hunterkrasa/Downloads/JUCE/modules/juce_audio_devices; sourceTree = "<absolute>"; };
		CA560200F78AAB4D80BE64C0 /* juce_data_structures */ /* juce_data_structures */ = {isa = PBXFileReference; lastKnownFileType = folder; name = juce_data_structures; path = /Users/hunterkrasa/Downloads/JUCE/modules/juce_data_structures; sourceTree = "<absolute>"; };
		CC238722ABBAD50A07948A1C /* PluginEditor.cpp */ /* PluginEditor.cpp */ = {isa = PBXFileReference; lastKnownFileType = sourcecode.cpp.cpp; name = PluginEditor.cpp; path = ../../Source/PluginEditor.cpp; sourceTree = SOURCE_ROOT; };
		CCA14F3087CD527195D978B0 /* include_juce_audio_processors.mm */ /* include_juce_audio_processors.mm */ = {isa = PBXFileReference; lastKnownFileType = sourcecode.cpp.objcpp; name = include_juce_audio_processors.mm; path = ../../JuceLibraryCode/include_juce_audio_processors.mm; sourceTree = SOURCE_ROOT; };
		CDA6655CD2056B8889376745 /* Accelerate.framework */ /* Accelerate.framework */ = {isa = PBXFileReference; lastKnownFileType = wrapper.framework; name = Accelerate.framework; path = System/Library/Frameworks/Accelerate.framework; sourceTree = SDKROOT; };
		D720BB760423FA05FB1BEF0C /* juce_audio_processors */ /* juce_audio_processors */ = {isa = PBXFileReference; lastKnownFileType = folder; name = juce_audio_processors; path = /Users/hunterkrasa/Downloads/JUCE/modules/juce_audio_processors; sourceTree = "<absolute>"; };
		D9230B431EAF02073BD0F409 /* Info-VST3.plist */ /* Info-VST3.plist */ = {isa = PBXFileReference; lastKnownFileType = text.plist.xml; name = "Info-VST3.plist"; path = "Info-VST3.plist"; sourceTree = SOURCE_ROOT; };
		DB950AF15D0E2DBE0E9C268B /* juce_audio_formats */ /* juce_audio_formats */ = {isa = PBXFileReference; lastKnownFileType = folder; name = juce_audio_formats; path = /Users/hunterkrasa/Downloads/JUCE/modules/juce_audio_formats; sourceTree = "<absolute>"; };
		DC199071A903BAC91DA826F6 /* Standalone Plugin */ = {isa = PBXFileReference; explicitFileType = wrapper.application; includeInIndex = 0; path = SurpSynth.app; sourceTree = BUILT_PRODUCTS_DIR; };
		ECC541B661565C934B19F612 /* SynthVoice.h */ /* SynthVoice.h */ = {isa = PBXFileReference; lastKnownFileType = sourcecode.c.h; name = SynthVoice.h; path = ../../Source/SynthVoice.h; sourceTree = SOURCE_ROOT; };
		F353B15A97B05CF487C1069C /* juce_core */ /* juce_core */ = {isa = PBXFileReference; lastKnownFileType = folder; name = juce_core; path = /Users/hunterkrasa/Downloads/JUCE/modules/juce_core; sourceTree = "<absolute>"; };
/* End PBXFileReference section */

/* Begin PBXFrameworksBuildPhase section */
		32D7AAE3BFD7FE11556CE2CA = {
			isa = PBXFrameworksBuildPhase;
			buildActionMask = 2147483647;
			files = (
				AB1A4AF2E4183D783F01BBB6,
				8A42C47723493AEF31E77DC1,
				81191B9F8A724B2A1DEDB7A9,
				8D59FEA0CFBD446CCD0EF1C1,
				6BC5CED7B4EDEAE82919EA8A,
				44D48B29BC54CDC9FFC26FB3,
				AC09D45809AD02FEE3329252,
				8846C10535D926519C0D6C21,
				F49C2638654263BDEA3AB3AE,
				E74ED18F5C47904BE5B30101,
				A9A395A2F45A11F4BF0CF526,
				E316F89BF8618D4E5E7CFE80,
			);
			runOnlyForDeploymentPostprocessing = 0;
		};
		6A2A737547337237FDC4101F = {
			isa = PBXFrameworksBuildPhase;
			buildActionMask = 2147483647;
			files = (
				5DDC3B3D14372CE01E3670AD,
				AB1A4AF2E4183D783F01BBB6,
				8A42C47723493AEF31E77DC1,
				81191B9F8A724B2A1DEDB7A9,
				8D59FEA0CFBD446CCD0EF1C1,
				6BC5CED7B4EDEAE82919EA8A,
				44D48B29BC54CDC9FFC26FB3,
				AC09D45809AD02FEE3329252,
				8846C10535D926519C0D6C21,
				F49C2638654263BDEA3AB3AE,
				E74ED18F5C47904BE5B30101,
				A9A395A2F45A11F4BF0CF526,
				E316F89BF8618D4E5E7CFE80,
			);
			runOnlyForDeploymentPostprocessing = 0;
		};
		D5EB25C487AF43A9CBA2C19A = {
			isa = PBXFrameworksBuildPhase;
			buildActionMask = 2147483647;
			files = (
				AB1A4AF2E4183D783F01BBB6,
				8A42C47723493AEF31E77DC1,
				81191B9F8A724B2A1DEDB7A9,
				8D59FEA0CFBD446CCD0EF1C1,
				6BC5CED7B4EDEAE82919EA8A,
				44D48B29BC54CDC9FFC26FB3,
				AC09D45809AD02FEE3329252,
				8846C10535D926519C0D6C21,
				F49C2638654263BDEA3AB3AE,
				E74ED18F5C47904BE5B30101,
				A9A395A2F45A11F4BF0CF526,
				E316F89BF8618D4E5E7CFE80,
			);
			runOnlyForDeploymentPostprocessing = 0;
		};
/* End PBXFrameworksBuildPhase section */

/* Begin PBXGroup section */
		148F58EB06DDE7E16752DC1A /* JUCE Modules */ = {
			isa = PBXGroup;
			children = (
				31B41BA942DB8A2F678ADCE2,
				C4DC94E82F09456C4C8B0EDA,
				DB950AF15D0E2DBE0E9C268B,
				66D205186BC5FA8CED20AD7E,
				D720BB760423FA05FB1BEF0C,
				30DAECA805DC2BAEA8E85566,
				F353B15A97B05CF487C1069C,
				CA560200F78AAB4D80BE64C0,
				5B7CCEAFBA3316AD5ABC1F8D,
				64BBFFE72F645513B548C870,
				803D056120D425524394E7C1,
				B292616C1A091A9E6E64AEEE,
				3CC2DB6C690000CDB258BF31,
			);
			name = "JUCE Modules";
			sourceTree = "<group>";
		};
		19FEC25D8E136550CB9DE381 /* JUCE Library Code */ = {
			isa = PBXGroup;
			children = (
				97DEA6D690D178EEA10EE233,
				89F064E20988E1B474185BF3,
				75A57BC520F7DD294BF26B62,
				B02952CA3B16609E26811098,
				3B7863C534852DAE310CBBA9,
				1EACB4381576811B537636C9,
				26D269CEA2C07AB7E8ADDF46,
				003676539344FD3502A87F14,
				085BBB24E33546C6EABDDD73,
				90D45BC7FEBFDE849AB411E4,
				CCA14F3087CD527195D978B0,
				8456BFC97DF48ECE9CD804C5,
				AF5EE45BB2A90E4EC3E4BD23,
				7F401CC36828D1FC437BB430,
				BFBE9A03ECC3BC5C11C282DF,
				94F8BA43378C1F028DBA53D9,
				7EF4EC18484AEB40E582C623,
				783FB1CF31CB8057A5363A87,
				10BCFEE52D40DB6DADA696CE,
				935875DCEB9BD4565E8944B1,
				89FE0A173ADA0239E28E88D5,
			);
			name = "JUCE Library Code";
			sourceTree = "<group>";
		};
		1D94C4471F49A3459F74399F /* Products */ = {
			isa = PBXGroup;
			children = (
				5FA76AC532F5ADBA2D230FE4,
				8C50D547D93D0B4065162552,
				DC199071A903BAC91DA826F6,
				9D961FA20BA1CDCFA013A4D3,
			);
			name = Products;
			sourceTree = "<group>";
		};
		657E2C83B90591CBCFE72C64 /* Frameworks */ = {
			isa = PBXGroup;
			children = (
				772FF1F2E5FAC9D0942A044F,
				CDA6655CD2056B8889376745,
				5E5669F5AEA8BF18F7AB23AF,
				4B9187BB24E5404579766D57,
				C13EA1E2E9171537A44BC53B,
				8E7018CEF50EFB6459F67C5E,
				A6CBBE934708EDBB8D966E57,
				A85DB21AB98C1BA4920F517D,
				66E0308A0970A6D260AF0D48,
				C3B6D9C8F66D78840D37C44D,
				1F31F1B70EEE2127B85CCA9D,
				ABF1F526B5DC69BE878AEBAF,
				904ABD9FB11DD9F587DC23A8,
			);
			name = Frameworks;
			sourceTree = "<group>";
		};
		6ED9C3D038D7AD8ADDDF4FE3 /* Source */ = {
			isa = PBXGroup;
			children = (
				1EEC011A251A66E24BCBDB02,
				8E67C8BAEE1DC8C8E5E582CC,
				CC238722ABBAD50A07948A1C,
				6593870D9B1FD946E5A79BCB,
				43C92775949FA44C5746A5D8,
				ECC541B661565C934B19F612,
				7B52AB65D29F8140D96826F1,
			);
			name = Source;
			sourceTree = "<group>";
		};
		801FC9D8BC77547D5C7C379D /* SurpSynth */ = {
			isa = PBXGroup;
			children = (
				6ED9C3D038D7AD8ADDDF4FE3,
			);
			name = SurpSynth;
			sourceTree = "<group>";
		};
		E563B1EC69FC19FC13D6E8C5 /* Source */ = {
			isa = PBXGroup;
			children = (
				801FC9D8BC77547D5C7C379D,
				148F58EB06DDE7E16752DC1A,
				19FEC25D8E136550CB9DE381,
				FB8BAA649836AA597FDE5954,
				657E2C83B90591CBCFE72C64,
				1D94C4471F49A3459F74399F,
			);
			name = Source;
			sourceTree = "<group>";
		};
		FB8BAA649836AA597FDE5954 /* Resources */ = {
			isa = PBXGroup;
			children = (
				D9230B431EAF02073BD0F409,
				764DE0176539450BA699009B,
				65518969ACA2F67D718EDB4E,
				82EE8A32DDB83FF25A68AB90,
			);
			name = Resources;
			sourceTree = "<group>";
		};
/* End PBXGroup section */

/* Begin PBXNativeTarget section */
		32A8F686E85CED7754A0E8ED /* SurpSynth - AU */ = {
			isa = PBXNativeTarget;
			buildConfigurationList = 64569F82EB63A923FBB1142E;
			buildPhases = (
				6AC758577A0258474D37C945,
				18A107BD594282242CC682E3,
				8CE4D3AAF40AE525F7821E5C,
				6A2A737547337237FDC4101F,
			);
			buildRules = (
			);
			dependencies = (
				02771A81B6B592CEA87FA369,
			);
			name = "SurpSynth - AU";
			productName = SurpSynth;
			productReference = 8C50D547D93D0B4065162552;
			productType = "com.apple.product-type.bundle";
		};
		3B543D7965627D26715A7F99 /* SurpSynth - Shared Code */ = {
			isa = PBXNativeTarget;
			buildConfigurationList = 2AF19762C8BD8EFF8AE855F6;
			buildPhases = (
				A3651A5597ADAC28ACB73C07,
			);
			buildRules = (
			);
			dependencies = (
			);
			name = "SurpSynth - Shared Code";
			productName = SurpSynth;
			productReference = 9D961FA20BA1CDCFA013A4D3;
			productType = "com.apple.product-type.library.static";
		};
		88369EBAFD5FF90DFEA034F4 /* SurpSynth - VST3 */ = {
			isa = PBXNativeTarget;
			buildConfigurationList = D6EC6E5F90D22D0534C97AAB;
			buildPhases = (
				991884608CF8A10605DB0779,
				D206B04B1FFD738777005ACD,
				D5EB25C487AF43A9CBA2C19A,
			);
			buildRules = (
			);
			dependencies = (
				2F1BF1FA09DFE342DEA69671,
			);
			name = "SurpSynth - VST3";
			productName = SurpSynth;
			productReference = 5FA76AC532F5ADBA2D230FE4;
			productType = "com.apple.product-type.bundle";
		};
		9FD2542CAF4B8D6D3F98DC70 /* SurpSynth - Standalone Plugin */ = {
			isa = PBXNativeTarget;
			buildConfigurationList = 943D94D4E8D6E61F1CA2FC8C;
			buildPhases = (
				B6774B19F9E2DB4836CD02BB,
				866C063ABB13DDD8143DFEF7,
				32D7AAE3BFD7FE11556CE2CA,
			);
			buildRules = (
			);
			dependencies = (
				85C387BA2FC7A6A36F0157E3,
			);
			name = "SurpSynth - Standalone Plugin";
			productName = SurpSynth;
			productReference = DC199071A903BAC91DA826F6;
			productType = "com.apple.product-type.application";
		};
/* End PBXNativeTarget section */

/* Begin PBXProject section */
		F3076977344D494CD29FB5F2 = {
			isa = PBXProject;
			attributes = {
				LastUpgradeCheck = 1240;
				ORGANIZATIONNAME = "Hunter Krasa";
				TargetAttributes = {
					32A8F686E85CED7754A0E8ED = {
						SystemCapabilities = {
							com.apple.ApplicationGroups.iOS = {
								enabled = 0;
							};
							com.apple.HardenedRuntime = {
								enabled = 0;
							};
							com.apple.InAppPurchase = {
								enabled = 0;
							};
							com.apple.InterAppAudio = {
								enabled = 0;
							};
							com.apple.Push = {
								enabled = 0;
							};
							com.apple.Sandbox = {
								enabled = 0;
							};
						};
					};
					3B543D7965627D26715A7F99 = {
						SystemCapabilities = {
							com.apple.ApplicationGroups.iOS = {
								enabled = 0;
							};
							com.apple.HardenedRuntime = {
								enabled = 0;
							};
							com.apple.InAppPurchase = {
								enabled = 0;
							};
							com.apple.InterAppAudio = {
								enabled = 0;
							};
							com.apple.Push = {
								enabled = 0;
							};
							com.apple.Sandbox = {
								enabled = 0;
							};
						};
					};
					6F88AF33CC9AA303B50BD1DD = {
						SystemCapabilities = {
							com.apple.ApplicationGroups.iOS = {
								enabled = 0;
							};
							com.apple.HardenedRuntime = {
								enabled = 0;
							};
							com.apple.InAppPurchase = {
								enabled = 0;
							};
							com.apple.InterAppAudio = {
								enabled = 0;
							};
							com.apple.Push = {
								enabled = 0;
							};
							com.apple.Sandbox = {
								enabled = 0;
							};
						};
					};
					88369EBAFD5FF90DFEA034F4 = {
						SystemCapabilities = {
							com.apple.ApplicationGroups.iOS = {
								enabled = 0;
							};
							com.apple.HardenedRuntime = {
								enabled = 0;
							};
							com.apple.InAppPurchase = {
								enabled = 0;
							};
							com.apple.InterAppAudio = {
								enabled = 0;
							};
							com.apple.Push = {
								enabled = 0;
							};
							com.apple.Sandbox = {
								enabled = 0;
							};
						};
					};
					9FD2542CAF4B8D6D3F98DC70 = {
						SystemCapabilities = {
							com.apple.ApplicationGroups.iOS = {
								enabled = 0;
							};
							com.apple.HardenedRuntime = {
								enabled = 0;
							};
							com.apple.InAppPurchase = {
								enabled = 0;
							};
							com.apple.InterAppAudio = {
								enabled = 0;
							};
							com.apple.Push = {
								enabled = 0;
							};
							com.apple.Sandbox = {
								enabled = 0;
							};
						};
					};
				};
			};
			buildConfigurationList = D37165C568638746D168CB89;
			compatibilityVersion = "Xcode 3.2";
			hasScannedForEncodings = 0;
			knownRegions = (
				en,
				Base,
			);
			mainGroup = E563B1EC69FC19FC13D6E8C5;
			projectDirPath = "";
			projectRoot = "";
			targets = (
				6F88AF33CC9AA303B50BD1DD,
				88369EBAFD5FF90DFEA034F4,
				32A8F686E85CED7754A0E8ED,
				9FD2542CAF4B8D6D3F98DC70,
				3B543D7965627D26715A7F99,
			);
		};
/* End PBXProject section */

/* Begin PBXResourcesBuildPhase section */
		6AC758577A0258474D37C945 = {
			isa = PBXResourcesBuildPhase;
			buildActionMask = 2147483647;
			files = (
				B776D686E5D07366AAB8BF09,
			);
			runOnlyForDeploymentPostprocessing = 0;
		};
		991884608CF8A10605DB0779 = {
			isa = PBXResourcesBuildPhase;
			buildActionMask = 2147483647;
			files = (
				B776D686E5D07366AAB8BF09,
			);
			runOnlyForDeploymentPostprocessing = 0;
		};
		B6774B19F9E2DB4836CD02BB = {
			isa = PBXResourcesBuildPhase;
			buildActionMask = 2147483647;
			files = (
				B776D686E5D07366AAB8BF09,
			);
			runOnlyForDeploymentPostprocessing = 0;
		};
/* End PBXResourcesBuildPhase section */

/* Begin PBXRezBuildPhase section */
		18A107BD594282242CC682E3 = {
			isa = PBXRezBuildPhase;
			buildActionMask = 2147483647;
			files = (
				556E367C616EB75678356BB7,
			);
			runOnlyForDeploymentPostprocessing = 0;
		};
/* End PBXRezBuildPhase section */

/* Begin PBXSourcesBuildPhase section */
		866C063ABB13DDD8143DFEF7 = {
			isa = PBXSourcesBuildPhase;
			buildActionMask = 2147483647;
			files = (
				60899915692BFDBEEBF96EE8,
			);
			runOnlyForDeploymentPostprocessing = 0;
		};
		8CE4D3AAF40AE525F7821E5C = {
			isa = PBXSourcesBuildPhase;
			buildActionMask = 2147483647;
			files = (
				2172C5A3E51350329E6C5432,
				0DF2176CBB0E3A8C9B846C00,
			);
			runOnlyForDeploymentPostprocessing = 0;
		};
		A3651A5597ADAC28ACB73C07 = {
			isa = PBXSourcesBuildPhase;
			buildActionMask = 2147483647;
			files = (
				0A4E267458BF08BB3EC5F863,
				336CA9E69E029543690DA7BE,
				05D973252088DFFF9A589616,
				D0BA72A84412413EFA5113BD,
				35980233C4836E4C8214644E,
				459A6BCFFE64FA6B1D299DDB,
				97F028AC98827B456ACC0353,
				CD54F8C820E83BF18DA2CB5C,
				8F97645AF3CECAA0AB13F144,
				B6EAA2835F3804421125D70A,
				888F240811DA3B98110319F6,
				FCE8BC9A231D975CD7AAF5F0,
				46E1A073377D0742E6B4D4D2,
				7D2294B5BAC2C05D25279032,
				37B4B70B4CBF538470769815,
				38F56B9279ED885BB7FAB46F,
				144D6A9874E4C47CD1F72D20,
			);
			runOnlyForDeploymentPostprocessing = 0;
		};
		D206B04B1FFD738777005ACD = {
			isa = PBXSourcesBuildPhase;
			buildActionMask = 2147483647;
			files = (
				03E22C5D0A49E69140034F0C,
			);
			runOnlyForDeploymentPostprocessing = 0;
		};
/* End PBXSourcesBuildPhase section */

/* Begin PBXTargetDependency section */
		02771A81B6B592CEA87FA369 = {
			isa = PBXTargetDependency;
			target = 3B543D7965627D26715A7F99;
		};
		2F1BF1FA09DFE342DEA69671 = {
			isa = PBXTargetDependency;
			target = 3B543D7965627D26715A7F99;
		};
		83666326219FC68AB6D66E3B = {
			isa = PBXTargetDependency;
			target = 32A8F686E85CED7754A0E8ED;
		};
		85C387BA2FC7A6A36F0157E3 = {
			isa = PBXTargetDependency;
			target = 3B543D7965627D26715A7F99;
		};
		941BD873A7CE5569D43344DE = {
			isa = PBXTargetDependency;
			target = 3B543D7965627D26715A7F99;
		};
		A5028EC17279169FB608C9B6 = {
			isa = PBXTargetDependency;
			target = 88369EBAFD5FF90DFEA034F4;
		};
		B64C48EFA2130EA4E6BDCE09 = {
			isa = PBXTargetDependency;
			target = 9FD2542CAF4B8D6D3F98DC70;
		};
/* End PBXTargetDependency section */

/* Begin XCBuildConfiguration section */
		09C346D40B231B85C5348789 /* Debug */ = {
			isa = XCBuildConfiguration;
			buildSettings = {
				CLANG_CXX_LANGUAGE_STANDARD = "c++14";
				CLANG_CXX_LIBRARY = "libc++";
				CLANG_LINK_OBJC_RUNTIME = NO;
				CODE_SIGN_IDENTITY = "";
				COMBINE_HIDPI_IMAGES = YES;
				CONFIGURATION_BUILD_DIR = "$(PROJECT_DIR)/build/$(CONFIGURATION)";
				COPY_PHASE_STRIP = NO;
				GCC_DYNAMIC_NO_PIC = NO;
				GCC_OPTIMIZATION_LEVEL = 0;
				GCC_PREPROCESSOR_DEFINITIONS = (
					"_DEBUG=1",
					"DEBUG=1",
					"JUCE_DISPLAY_SPLASH_SCREEN=1",
					"JUCE_USE_DARK_SPLASH_SCREEN=1",
					"JUCE_PROJUCER_VERSION=0x60008",
					"JUCE_MODULE_AVAILABLE_juce_audio_basics=1",
					"JUCE_MODULE_AVAILABLE_juce_audio_devices=1",
					"JUCE_MODULE_AVAILABLE_juce_audio_formats=1",
					"JUCE_MODULE_AVAILABLE_juce_audio_plugin_client=1",
					"JUCE_MODULE_AVAILABLE_juce_audio_processors=1",
					"JUCE_MODULE_AVAILABLE_juce_audio_utils=1",
					"JUCE_MODULE_AVAILABLE_juce_core=1",
					"JUCE_MODULE_AVAILABLE_juce_data_structures=1",
					"JUCE_MODULE_AVAILABLE_juce_dsp=1",
					"JUCE_MODULE_AVAILABLE_juce_events=1",
					"JUCE_MODULE_AVAILABLE_juce_graphics=1",
					"JUCE_MODULE_AVAILABLE_juce_gui_basics=1",
					"JUCE_MODULE_AVAILABLE_juce_gui_extra=1",
					"JUCE_GLOBAL_MODULE_SETTINGS_INCLUDED=1",
					"JUCE_VST3_CAN_REPLACE_VST2=0",
					"JUCE_STRICT_REFCOUNTEDPOINTER=1",
					"JucePlugin_Build_VST=0",
					"JucePlugin_Build_VST3=1",
					"JucePlugin_Build_AU=1",
					"JucePlugin_Build_AUv3=0",
					"JucePlugin_Build_RTAS=0",
					"JucePlugin_Build_AAX=0",
					"JucePlugin_Build_Standalone=1",
					"JucePlugin_Build_Unity=0",
					"JucePlugin_Enable_IAA=0",
					"JucePlugin_Name=\\\"SurpSynth\\\"",
					"JucePlugin_Desc=\\\"SurpSynth\\\"",
					"JucePlugin_Manufacturer=\\\"Hunter\\ Krasa\\\"",
					"JucePlugin_ManufacturerWebsite=\\\"\\\"",
					"JucePlugin_ManufacturerEmail=\\\"\\\"",
					"JucePlugin_ManufacturerCode=0x4d616e75",
					"JucePlugin_PluginCode=0x5a777565",
					"JucePlugin_IsSynth=1",
					"JucePlugin_WantsMidiInput=1",
					"JucePlugin_ProducesMidiOutput=0",
					"JucePlugin_IsMidiEffect=0",
					"JucePlugin_EditorRequiresKeyboardFocus=0",
					"JucePlugin_Version=1.0.0",
					"JucePlugin_VersionCode=0x10000",
					"JucePlugin_VersionString=\\\"1.0.0\\\"",
					"JucePlugin_VSTUniqueID=JucePlugin_PluginCode",
					"JucePlugin_VSTCategory=kPlugCategSynth",
					"JucePlugin_Vst3Category=\\\"Instrument|Synth\\\"",
					"JucePlugin_AUMainType='aumu'",
					"JucePlugin_AUSubType=JucePlugin_PluginCode",
					"JucePlugin_AUExportPrefix=SurpSynthAU",
					"JucePlugin_AUExportPrefixQuoted=\\\"SurpSynthAU\\\"",
					"JucePlugin_AUManufacturerCode=JucePlugin_ManufacturerCode",
					"JucePlugin_CFBundleIdentifier=com.HunterKrasa.SurpSynth",
					"JucePlugin_RTASCategory=2048",
					"JucePlugin_RTASManufacturerCode=JucePlugin_ManufacturerCode",
					"JucePlugin_RTASProductId=JucePlugin_PluginCode",
					"JucePlugin_RTASDisableBypass=0",
					"JucePlugin_RTASDisableMultiMono=0",
					"JucePlugin_AAXIdentifier=com.HunterKrasa.SurpSynth",
					"JucePlugin_AAXManufacturerCode=JucePlugin_ManufacturerCode",
					"JucePlugin_AAXProductId=JucePlugin_PluginCode",
					"JucePlugin_AAXCategory=2048",
					"JucePlugin_AAXDisableBypass=0",
					"JucePlugin_AAXDisableMultiMono=0",
					"JucePlugin_IAAType=0x61757269",
					"JucePlugin_IAASubType=JucePlugin_PluginCode",
					"JucePlugin_IAAName=\\\"Hunter\\ Krasa:\\ SurpSynth\\\"",
					"JucePlugin_VSTNumMidiInputs=16",
					"JucePlugin_VSTNumMidiOutputs=16",
					"JUCE_STANDALONE_APPLICATION=JucePlugin_Build_Standalone",
					"JUCER_XCODE_MAC_F6D2F4CF=1",
					"JUCE_APP_VERSION=1.0.0",
					"JUCE_APP_VERSION_HEX=0x10000",
					"JUCE_SHARED_CODE=1",
				);
				GCC_VERSION = com.apple.compilers.llvm.clang.1_0;
				HEADER_SEARCH_PATHS = (
					"/Users/hunterkrasa/Downloads/JUCE/modules/juce_audio_processors/format_types/VST3_SDK",
					"$(SRCROOT)/../../JuceLibraryCode",
					"/Users/hunterkrasa/Downloads/JUCE/modules",
					"/Users/hunterkrasa/Downloads/JUCE/modules/juce_audio_plugin_client",
					"$(inherited)",
				);
				INSTALL_PATH = "@executable_path/../Frameworks";
				MACOSX_DEPLOYMENT_TARGET = 10.11;
				MTL_HEADER_SEARCH_PATHS = "/Users/hunterkrasa/Downloads/JUCE/modules/juce_audio_processors/format_types/VST3_SDK $(SRCROOT)/../../JuceLibraryCode /Users/hunterkrasa/Downloads/JUCE/modules /Users/hunterkrasa/Downloads/JUCE/modules/juce_audio_plugin_client";
				PRODUCT_BUNDLE_IDENTIFIER = com.HunterKrasa.SurpSynth;
				PRODUCT_NAME = "SurpSynth";
				SKIP_INSTALL = YES;
				USE_HEADERMAP = NO;
				VALID_ARCHS = "i386 x86_64 arm64 arm64e";
			};
			name = Debug;
		};
		153771AE01388EE895294E34 /* Release */ = {
			isa = XCBuildConfiguration;
			buildSettings = {
				CLANG_CXX_LANGUAGE_STANDARD = "c++14";
				CLANG_CXX_LIBRARY = "libc++";
				CLANG_LINK_OBJC_RUNTIME = NO;
				CODE_SIGN_IDENTITY = "";
				COMBINE_HIDPI_IMAGES = YES;
				CONFIGURATION_BUILD_DIR = "$(PROJECT_DIR)/build/$(CONFIGURATION)";
				DEAD_CODE_STRIPPING = YES;
				GCC_GENERATE_DEBUGGING_SYMBOLS = NO;
				GCC_OPTIMIZATION_LEVEL = 3;
				GCC_PREPROCESSOR_DEFINITIONS = (
					"_NDEBUG=1",
					"NDEBUG=1",
					"JUCE_DISPLAY_SPLASH_SCREEN=1",
					"JUCE_USE_DARK_SPLASH_SCREEN=1",
					"JUCE_PROJUCER_VERSION=0x60008",
					"JUCE_MODULE_AVAILABLE_juce_audio_basics=1",
					"JUCE_MODULE_AVAILABLE_juce_audio_devices=1",
					"JUCE_MODULE_AVAILABLE_juce_audio_formats=1",
					"JUCE_MODULE_AVAILABLE_juce_audio_plugin_client=1",
					"JUCE_MODULE_AVAILABLE_juce_audio_processors=1",
					"JUCE_MODULE_AVAILABLE_juce_audio_utils=1",
					"JUCE_MODULE_AVAILABLE_juce_core=1",
					"JUCE_MODULE_AVAILABLE_juce_data_structures=1",
					"JUCE_MODULE_AVAILABLE_juce_dsp=1",
					"JUCE_MODULE_AVAILABLE_juce_events=1",
					"JUCE_MODULE_AVAILABLE_juce_graphics=1",
					"JUCE_MODULE_AVAILABLE_juce_gui_basics=1",
					"JUCE_MODULE_AVAILABLE_juce_gui_extra=1",
					"JUCE_GLOBAL_MODULE_SETTINGS_INCLUDED=1",
					"JUCE_VST3_CAN_REPLACE_VST2=0",
					"JUCE_STRICT_REFCOUNTEDPOINTER=1",
					"JucePlugin_Build_VST=0",
					"JucePlugin_Build_VST3=1",
					"JucePlugin_Build_AU=1",
					"JucePlugin_Build_AUv3=0",
					"JucePlugin_Build_RTAS=0",
					"JucePlugin_Build_AAX=0",
					"JucePlugin_Build_Standalone=1",
					"JucePlugin_Build_Unity=0",
					"JucePlugin_Enable_IAA=0",
					"JucePlugin_Name=\\\"SurpSynth\\\"",
					"JucePlugin_Desc=\\\"SurpSynth\\\"",
					"JucePlugin_Manufacturer=\\\"Hunter\\ Krasa\\\"",
					"JucePlugin_ManufacturerWebsite=\\\"\\\"",
					"JucePlugin_ManufacturerEmail=\\\"\\\"",
					"JucePlugin_ManufacturerCode=0x4d616e75",
					"JucePlugin_PluginCode=0x5a777565",
					"JucePlugin_IsSynth=1",
					"JucePlugin_WantsMidiInput=1",
					"JucePlugin_ProducesMidiOutput=0",
					"JucePlugin_IsMidiEffect=0",
					"JucePlugin_EditorRequiresKeyboardFocus=0",
					"JucePlugin_Version=1.0.0",
					"JucePlugin_VersionCode=0x10000",
					"JucePlugin_VersionString=\\\"1.0.0\\\"",
					"JucePlugin_VSTUniqueID=JucePlugin_PluginCode",
					"JucePlugin_VSTCategory=kPlugCategSynth",
					"JucePlugin_Vst3Category=\\\"Instrument|Synth\\\"",
					"JucePlugin_AUMainType='aumu'",
					"JucePlugin_AUSubType=JucePlugin_PluginCode",
					"JucePlugin_AUExportPrefix=SurpSynthAU",
					"JucePlugin_AUExportPrefixQuoted=\\\"SurpSynthAU\\\"",
					"JucePlugin_AUManufacturerCode=JucePlugin_ManufacturerCode",
					"JucePlugin_CFBundleIdentifier=com.HunterKrasa.SurpSynth",
					"JucePlugin_RTASCategory=2048",
					"JucePlugin_RTASManufacturerCode=JucePlugin_ManufacturerCode",
					"JucePlugin_RTASProductId=JucePlugin_PluginCode",
					"JucePlugin_RTASDisableBypass=0",
					"JucePlugin_RTASDisableMultiMono=0",
					"JucePlugin_AAXIdentifier=com.HunterKrasa.SurpSynth",
					"JucePlugin_AAXManufacturerCode=JucePlugin_ManufacturerCode",
					"JucePlugin_AAXProductId=JucePlugin_PluginCode",
					"JucePlugin_AAXCategory=2048",
					"JucePlugin_AAXDisableBypass=0",
					"JucePlugin_AAXDisableMultiMono=0",
					"JucePlugin_IAAType=0x61757269",
					"JucePlugin_IAASubType=JucePlugin_PluginCode",
					"JucePlugin_IAAName=\\\"Hunter\\ Krasa:\\ SurpSynth\\\"",
					"JucePlugin_VSTNumMidiInputs=16",
					"JucePlugin_VSTNumMidiOutputs=16",
					"JUCE_STANDALONE_APPLICATION=JucePlugin_Build_Standalone",
					"JUCER_XCODE_MAC_F6D2F4CF=1",
					"JUCE_APP_VERSION=1.0.0",
					"JUCE_APP_VERSION_HEX=0x10000",
					"JUCE_SHARED_CODE=1",
				);
				GCC_VERSION = com.apple.compilers.llvm.clang.1_0;
				HEADER_SEARCH_PATHS = (
					"/Users/hunterkrasa/Downloads/JUCE/modules/juce_audio_processors/format_types/VST3_SDK",
					"$(SRCROOT)/../../JuceLibraryCode",
					"/Users/hunterkrasa/Downloads/JUCE/modules",
					"/Users/hunterkrasa/Downloads/JUCE/modules/juce_audio_plugin_client",
					"$(inherited)",
				);
				INSTALL_PATH = "@executable_path/../Frameworks";
				LLVM_LTO = YES;
				MACOSX_DEPLOYMENT_TARGET = 10.11;
				MTL_HEADER_SEARCH_PATHS = "/Users/hunterkrasa/Downloads/JUCE/modules/juce_audio_processors/format_types/VST3_SDK $(SRCROOT)/../../JuceLibraryCode /Users/hunterkrasa/Downloads/JUCE/modules /Users/hunterkrasa/Downloads/JUCE/modules/juce_audio_plugin_client";
				PRODUCT_BUNDLE_IDENTIFIER = com.HunterKrasa.SurpSynth;
				PRODUCT_NAME = "SurpSynth";
				SKIP_INSTALL = YES;
				USE_HEADERMAP = NO;
				VALID_ARCHS = "i386 x86_64 arm64 arm64e";
			};
			name = Release;
		};
		28D19C91B7352BE4A687749D /* Debug */ = {
			isa = XCBuildConfiguration;
			buildSettings = {
				CLANG_CXX_LANGUAGE_STANDARD = "c++14";
				CLANG_CXX_LIBRARY = "libc++";
				CLANG_LINK_OBJC_RUNTIME = NO;
				CODE_SIGN_IDENTITY = "";
				COMBINE_HIDPI_IMAGES = YES;
				CONFIGURATION_BUILD_DIR = "$(PROJECT_DIR)/build/$(CONFIGURATION)";
				COPY_PHASE_STRIP = NO;
				DEPLOYMENT_LOCATION = YES;
				DSTROOT = /;
				GCC_DYNAMIC_NO_PIC = NO;
				GCC_OPTIMIZATION_LEVEL = 0;
				GCC_PREPROCESSOR_DEFINITIONS = (
					"_DEBUG=1",
					"DEBUG=1",
					"JUCE_DISPLAY_SPLASH_SCREEN=1",
					"JUCE_USE_DARK_SPLASH_SCREEN=1",
					"JUCE_PROJUCER_VERSION=0x60008",
					"JUCE_MODULE_AVAILABLE_juce_audio_basics=1",
					"JUCE_MODULE_AVAILABLE_juce_audio_devices=1",
					"JUCE_MODULE_AVAILABLE_juce_audio_formats=1",
					"JUCE_MODULE_AVAILABLE_juce_audio_plugin_client=1",
					"JUCE_MODULE_AVAILABLE_juce_audio_processors=1",
					"JUCE_MODULE_AVAILABLE_juce_audio_utils=1",
					"JUCE_MODULE_AVAILABLE_juce_core=1",
					"JUCE_MODULE_AVAILABLE_juce_data_structures=1",
					"JUCE_MODULE_AVAILABLE_juce_dsp=1",
					"JUCE_MODULE_AVAILABLE_juce_events=1",
					"JUCE_MODULE_AVAILABLE_juce_graphics=1",
					"JUCE_MODULE_AVAILABLE_juce_gui_basics=1",
					"JUCE_MODULE_AVAILABLE_juce_gui_extra=1",
					"JUCE_GLOBAL_MODULE_SETTINGS_INCLUDED=1",
					"JUCE_VST3_CAN_REPLACE_VST2=0",
					"JUCE_STRICT_REFCOUNTEDPOINTER=1",
					"JucePlugin_Build_VST=0",
					"JucePlugin_Build_VST3=1",
					"JucePlugin_Build_AU=0",
					"JucePlugin_Build_AUv3=0",
					"JucePlugin_Build_RTAS=0",
					"JucePlugin_Build_AAX=0",
					"JucePlugin_Build_Standalone=0",
					"JucePlugin_Build_Unity=0",
					"JucePlugin_Enable_IAA=0",
					"JucePlugin_Name=\\\"SurpSynth\\\"",
					"JucePlugin_Desc=\\\"SurpSynth\\\"",
					"JucePlugin_Manufacturer=\\\"Hunter\\ Krasa\\\"",
					"JucePlugin_ManufacturerWebsite=\\\"\\\"",
					"JucePlugin_ManufacturerEmail=\\\"\\\"",
					"JucePlugin_ManufacturerCode=0x4d616e75",
					"JucePlugin_PluginCode=0x5a777565",
					"JucePlugin_IsSynth=1",
					"JucePlugin_WantsMidiInput=1",
					"JucePlugin_ProducesMidiOutput=0",
					"JucePlugin_IsMidiEffect=0",
					"JucePlugin_EditorRequiresKeyboardFocus=0",
					"JucePlugin_Version=1.0.0",
					"JucePlugin_VersionCode=0x10000",
					"JucePlugin_VersionString=\\\"1.0.0\\\"",
					"JucePlugin_VSTUniqueID=JucePlugin_PluginCode",
					"JucePlugin_VSTCategory=kPlugCategSynth",
					"JucePlugin_Vst3Category=\\\"Instrument|Synth\\\"",
					"JucePlugin_AUMainType='aumu'",
					"JucePlugin_AUSubType=JucePlugin_PluginCode",
					"JucePlugin_AUExportPrefix=SurpSynthAU",
					"JucePlugin_AUExportPrefixQuoted=\\\"SurpSynthAU\\\"",
					"JucePlugin_AUManufacturerCode=JucePlugin_ManufacturerCode",
					"JucePlugin_CFBundleIdentifier=com.HunterKrasa.SurpSynth",
					"JucePlugin_RTASCategory=2048",
					"JucePlugin_RTASManufacturerCode=JucePlugin_ManufacturerCode",
					"JucePlugin_RTASProductId=JucePlugin_PluginCode",
					"JucePlugin_RTASDisableBypass=0",
					"JucePlugin_RTASDisableMultiMono=0",
					"JucePlugin_AAXIdentifier=com.HunterKrasa.SurpSynth",
					"JucePlugin_AAXManufacturerCode=JucePlugin_ManufacturerCode",
					"JucePlugin_AAXProductId=JucePlugin_PluginCode",
					"JucePlugin_AAXCategory=2048",
					"JucePlugin_AAXDisableBypass=0",
					"JucePlugin_AAXDisableMultiMono=0",
					"JucePlugin_IAAType=0x61757269",
					"JucePlugin_IAASubType=JucePlugin_PluginCode",
					"JucePlugin_IAAName=\\\"Hunter\\ Krasa:\\ SurpSynth\\\"",
					"JucePlugin_VSTNumMidiInputs=16",
					"JucePlugin_VSTNumMidiOutputs=16",
					"JUCE_STANDALONE_APPLICATION=JucePlugin_Build_Standalone",
					"JUCER_XCODE_MAC_F6D2F4CF=1",
					"JUCE_APP_VERSION=1.0.0",
					"JUCE_APP_VERSION_HEX=0x10000",
				);
				GCC_VERSION = com.apple.compilers.llvm.clang.1_0;
				GENERATE_PKGINFO_FILE = YES;
				HEADER_SEARCH_PATHS = (
					"/Users/hunterkrasa/Downloads/JUCE/modules/juce_audio_processors/format_types/VST3_SDK",
					"$(SRCROOT)/../../JuceLibraryCode",
					"/Users/hunterkrasa/Downloads/JUCE/modules",
					"/Users/hunterkrasa/Downloads/JUCE/modules/juce_audio_plugin_client",
					"$(inherited)",
				);
				INFOPLIST_FILE = Info-VST3.plist;
				INFOPLIST_PREPROCESS = NO;
				INSTALL_PATH = "$(HOME)/Library/Audio/Plug-Ins/VST3/";
				LIBRARY_STYLE = Bundle;
				MACOSX_DEPLOYMENT_TARGET = 10.11;
				MTL_HEADER_SEARCH_PATHS = "/Users/hunterkrasa/Downloads/JUCE/modules/juce_audio_processors/format_types/VST3_SDK $(SRCROOT)/../../JuceLibraryCode /Users/hunterkrasa/Downloads/JUCE/modules /Users/hunterkrasa/Downloads/JUCE/modules/juce_audio_plugin_client";
				OTHER_LDFLAGS = "-bundle -lSurpSynth";
				PRODUCT_BUNDLE_IDENTIFIER = com.HunterKrasa.SurpSynth;
				PRODUCT_NAME = "SurpSynth";
				USE_HEADERMAP = NO;
				VALID_ARCHS = "i386 x86_64 arm64 arm64e";
				WRAPPER_EXTENSION = vst3;
			};
			name = Debug;
		};
		2AFC9A4AC07206B1432F72D7 /* Debug */ = {
			isa = XCBuildConfiguration;
			buildSettings = {
				ALWAYS_SEARCH_USER_PATHS = NO;
				CLANG_ENABLE_OBJC_WEAK = YES;
				CLANG_WARN_BLOCK_CAPTURE_AUTORELEASING = YES;
				CLANG_WARN_BOOL_CONVERSION = YES;
				CLANG_WARN_COMMA = YES;
				CLANG_WARN_CONSTANT_CONVERSION = YES;
				CLANG_WARN_DEPRECATED_OBJC_IMPLEMENTATIONS = YES;
				CLANG_WARN_EMPTY_BODY = YES;
				CLANG_WARN_ENUM_CONVERSION = YES;
				CLANG_WARN_INFINITE_RECURSION = YES;
				CLANG_WARN_INT_CONVERSION = YES;
				CLANG_WARN_NON_LITERAL_NULL_CONVERSION = YES;
				CLANG_WARN_OBJC_IMPLICIT_RETAIN_SELF = YES;
				CLANG_WARN_OBJC_LITERAL_CONVERSION = YES;
				CLANG_WARN_RANGE_LOOP_ANALYSIS = YES;
				CLANG_WARN_STRICT_PROTOTYPES = YES;
				CLANG_WARN_SUSPICIOUS_MOVE = YES;
				CLANG_WARN_UNREACHABLE_CODE = YES;
				CLANG_WARN__DUPLICATE_METHOD_MATCH = YES;
				CODE_SIGN_IDENTITY = "";
				DEBUG_INFORMATION_FORMAT = dwarf;
				ENABLE_STRICT_OBJC_MSGSEND = YES;
				ENABLE_TESTABILITY = NO;
				GCC_C_LANGUAGE_STANDARD = c11;
				GCC_INLINES_ARE_PRIVATE_EXTERN = YES;
				GCC_MODEL_TUNING = G5;
				GCC_NO_COMMON_BLOCKS = YES;
				GCC_SYMBOLS_PRIVATE_EXTERN = YES;
				GCC_WARN_64_TO_32_BIT_CONVERSION = YES;
				GCC_WARN_ABOUT_RETURN_TYPE = YES;
				GCC_WARN_CHECK_SWITCH_STATEMENTS = YES;
				GCC_WARN_MISSING_PARENTHESES = YES;
				GCC_WARN_NON_VIRTUAL_DESTRUCTOR = YES;
				GCC_WARN_TYPECHECK_CALLS_TO_PRINTF = YES;
				GCC_WARN_UNDECLARED_SELECTOR = YES;
				GCC_WARN_UNINITIALIZED_AUTOS = YES;
				GCC_WARN_UNUSED_FUNCTION = YES;
				GCC_WARN_UNUSED_VARIABLE = YES;
				ONLY_ACTIVE_ARCH = YES;
				PRODUCT_NAME = "SurpSynth";
				SDKROOT = macosx;
				WARNING_CFLAGS = "-Wreorder";
				ZERO_LINK = NO;
			};
			name = Debug;
		};
		39E89C08301CA3D1FBF077A9 /* Release */ = {
			isa = XCBuildConfiguration;
			buildSettings = {
				MACOSX_DEPLOYMENT_TARGET = 10.11;
				SDKROOT = macosx;
			};
			name = Release;
		};
		55D327C82C23C0DA538F89A9 /* Release */ = {
			isa = XCBuildConfiguration;
			buildSettings = {
				CLANG_CXX_LANGUAGE_STANDARD = "c++14";
				CLANG_CXX_LIBRARY = "libc++";
				CLANG_LINK_OBJC_RUNTIME = NO;
				CODE_SIGN_IDENTITY = "";
				COMBINE_HIDPI_IMAGES = YES;
				CONFIGURATION_BUILD_DIR = "$(PROJECT_DIR)/build/$(CONFIGURATION)";
				DEAD_CODE_STRIPPING = YES;
				DEPLOYMENT_LOCATION = YES;
				DSTROOT = /;
				GCC_GENERATE_DEBUGGING_SYMBOLS = NO;
				GCC_OPTIMIZATION_LEVEL = 3;
				GCC_PREPROCESSOR_DEFINITIONS = (
					"_NDEBUG=1",
					"NDEBUG=1",
					"JUCE_DISPLAY_SPLASH_SCREEN=1",
					"JUCE_USE_DARK_SPLASH_SCREEN=1",
					"JUCE_PROJUCER_VERSION=0x60008",
					"JUCE_MODULE_AVAILABLE_juce_audio_basics=1",
					"JUCE_MODULE_AVAILABLE_juce_audio_devices=1",
					"JUCE_MODULE_AVAILABLE_juce_audio_formats=1",
					"JUCE_MODULE_AVAILABLE_juce_audio_plugin_client=1",
					"JUCE_MODULE_AVAILABLE_juce_audio_processors=1",
					"JUCE_MODULE_AVAILABLE_juce_audio_utils=1",
					"JUCE_MODULE_AVAILABLE_juce_core=1",
					"JUCE_MODULE_AVAILABLE_juce_data_structures=1",
					"JUCE_MODULE_AVAILABLE_juce_dsp=1",
					"JUCE_MODULE_AVAILABLE_juce_events=1",
					"JUCE_MODULE_AVAILABLE_juce_graphics=1",
					"JUCE_MODULE_AVAILABLE_juce_gui_basics=1",
					"JUCE_MODULE_AVAILABLE_juce_gui_extra=1",
					"JUCE_GLOBAL_MODULE_SETTINGS_INCLUDED=1",
					"JUCE_VST3_CAN_REPLACE_VST2=0",
					"JUCE_STRICT_REFCOUNTEDPOINTER=1",
					"JucePlugin_Build_VST=0",
					"JucePlugin_Build_VST3=1",
					"JucePlugin_Build_AU=0",
					"JucePlugin_Build_AUv3=0",
					"JucePlugin_Build_RTAS=0",
					"JucePlugin_Build_AAX=0",
					"JucePlugin_Build_Standalone=0",
					"JucePlugin_Build_Unity=0",
					"JucePlugin_Enable_IAA=0",
					"JucePlugin_Name=\\\"SurpSynth\\\"",
					"JucePlugin_Desc=\\\"SurpSynth\\\"",
					"JucePlugin_Manufacturer=\\\"Hunter\\ Krasa\\\"",
					"JucePlugin_ManufacturerWebsite=\\\"\\\"",
					"JucePlugin_ManufacturerEmail=\\\"\\\"",
					"JucePlugin_ManufacturerCode=0x4d616e75",
					"JucePlugin_PluginCode=0x5a777565",
					"JucePlugin_IsSynth=1",
					"JucePlugin_WantsMidiInput=1",
					"JucePlugin_ProducesMidiOutput=0",
					"JucePlugin_IsMidiEffect=0",
					"JucePlugin_EditorRequiresKeyboardFocus=0",
					"JucePlugin_Version=1.0.0",
					"JucePlugin_VersionCode=0x10000",
					"JucePlugin_VersionString=\\\"1.0.0\\\"",
					"JucePlugin_VSTUniqueID=JucePlugin_PluginCode",
					"JucePlugin_VSTCategory=kPlugCategSynth",
					"JucePlugin_Vst3Category=\\\"Instrument|Synth\\\"",
					"JucePlugin_AUMainType='aumu'",
					"JucePlugin_AUSubType=JucePlugin_PluginCode",
					"JucePlugin_AUExportPrefix=SurpSynthAU",
					"JucePlugin_AUExportPrefixQuoted=\\\"SurpSynthAU\\\"",
					"JucePlugin_AUManufacturerCode=JucePlugin_ManufacturerCode",
					"JucePlugin_CFBundleIdentifier=com.HunterKrasa.SurpSynth",
					"JucePlugin_RTASCategory=2048",
					"JucePlugin_RTASManufacturerCode=JucePlugin_ManufacturerCode",
					"JucePlugin_RTASProductId=JucePlugin_PluginCode",
					"JucePlugin_RTASDisableBypass=0",
					"JucePlugin_RTASDisableMultiMono=0",
					"JucePlugin_AAXIdentifier=com.HunterKrasa.SurpSynth",
					"JucePlugin_AAXManufacturerCode=JucePlugin_ManufacturerCode",
					"JucePlugin_AAXProductId=JucePlugin_PluginCode",
					"JucePlugin_AAXCategory=2048",
					"JucePlugin_AAXDisableBypass=0",
					"JucePlugin_AAXDisableMultiMono=0",
					"JucePlugin_IAAType=0x61757269",
					"JucePlugin_IAASubType=JucePlugin_PluginCode",
					"JucePlugin_IAAName=\\\"Hunter\\ Krasa:\\ SurpSynth\\\"",
					"JucePlugin_VSTNumMidiInputs=16",
					"JucePlugin_VSTNumMidiOutputs=16",
					"JUCE_STANDALONE_APPLICATION=JucePlugin_Build_Standalone",
					"JUCER_XCODE_MAC_F6D2F4CF=1",
					"JUCE_APP_VERSION=1.0.0",
					"JUCE_APP_VERSION_HEX=0x10000",
				);
				GCC_VERSION = com.apple.compilers.llvm.clang.1_0;
				GENERATE_PKGINFO_FILE = YES;
				HEADER_SEARCH_PATHS = (
					"/Users/hunterkrasa/Downloads/JUCE/modules/juce_audio_processors/format_types/VST3_SDK",
					"$(SRCROOT)/../../JuceLibraryCode",
					"/Users/hunterkrasa/Downloads/JUCE/modules",
					"/Users/hunterkrasa/Downloads/JUCE/modules/juce_audio_plugin_client",
					"$(inherited)",
				);
				INFOPLIST_FILE = Info-VST3.plist;
				INFOPLIST_PREPROCESS = NO;
				INSTALL_PATH = "$(HOME)/Library/Audio/Plug-Ins/VST3/";
				LIBRARY_STYLE = Bundle;
				LLVM_LTO = YES;
				MACOSX_DEPLOYMENT_TARGET = 10.11;
				MTL_HEADER_SEARCH_PATHS = "/Users/hunterkrasa/Downloads/JUCE/modules/juce_audio_processors/format_types/VST3_SDK $(SRCROOT)/../../JuceLibraryCode /Users/hunterkrasa/Downloads/JUCE/modules /Users/hunterkrasa/Downloads/JUCE/modules/juce_audio_plugin_client";
				OTHER_LDFLAGS = "-bundle -lSurpSynth";
				PRODUCT_BUNDLE_IDENTIFIER = com.HunterKrasa.SurpSynth;
				PRODUCT_NAME = "SurpSynth";
				USE_HEADERMAP = NO;
				VALID_ARCHS = "i386 x86_64 arm64 arm64e";
				WRAPPER_EXTENSION = vst3;
			};
			name = Release;
		};
		7382AF534286D8E02F69BCCC /* Debug */ = {
			isa = XCBuildConfiguration;
			buildSettings = {
				MACOSX_DEPLOYMENT_TARGET = 10.11;
				SDKROOT = macosx;
			};
			name = Debug;
		};
		9AABDAACC228F53E9243C347 /* Release */ = {
			isa = XCBuildConfiguration;
			buildSettings = {
				ALWAYS_SEARCH_USER_PATHS = NO;
				CLANG_ENABLE_OBJC_WEAK = YES;
				CLANG_WARN_BLOCK_CAPTURE_AUTORELEASING = YES;
				CLANG_WARN_BOOL_CONVERSION = YES;
				CLANG_WARN_COMMA = YES;
				CLANG_WARN_CONSTANT_CONVERSION = YES;
				CLANG_WARN_DEPRECATED_OBJC_IMPLEMENTATIONS = YES;
				CLANG_WARN_EMPTY_BODY = YES;
				CLANG_WARN_ENUM_CONVERSION = YES;
				CLANG_WARN_INFINITE_RECURSION = YES;
				CLANG_WARN_INT_CONVERSION = YES;
				CLANG_WARN_NON_LITERAL_NULL_CONVERSION = YES;
				CLANG_WARN_OBJC_IMPLICIT_RETAIN_SELF = YES;
				CLANG_WARN_OBJC_LITERAL_CONVERSION = YES;
				CLANG_WARN_RANGE_LOOP_ANALYSIS = YES;
				CLANG_WARN_STRICT_PROTOTYPES = YES;
				CLANG_WARN_SUSPICIOUS_MOVE = YES;
				CLANG_WARN_UNREACHABLE_CODE = YES;
				CLANG_WARN__DUPLICATE_METHOD_MATCH = YES;
				CODE_SIGN_IDENTITY = "";
				DEBUG_INFORMATION_FORMAT = dwarf;
				ENABLE_STRICT_OBJC_MSGSEND = YES;
				ENABLE_TESTABILITY = NO;
				GCC_C_LANGUAGE_STANDARD = c11;
				GCC_INLINES_ARE_PRIVATE_EXTERN = YES;
				GCC_MODEL_TUNING = G5;
				GCC_NO_COMMON_BLOCKS = YES;
				GCC_SYMBOLS_PRIVATE_EXTERN = YES;
				GCC_WARN_64_TO_32_BIT_CONVERSION = YES;
				GCC_WARN_ABOUT_RETURN_TYPE = YES;
				GCC_WARN_CHECK_SWITCH_STATEMENTS = YES;
				GCC_WARN_MISSING_PARENTHESES = YES;
				GCC_WARN_NON_VIRTUAL_DESTRUCTOR = YES;
				GCC_WARN_TYPECHECK_CALLS_TO_PRINTF = YES;
				GCC_WARN_UNDECLARED_SELECTOR = YES;
				GCC_WARN_UNINITIALIZED_AUTOS = YES;
				GCC_WARN_UNUSED_FUNCTION = YES;
				GCC_WARN_UNUSED_VARIABLE = YES;
				PRODUCT_NAME = "SurpSynth";
				SDKROOT = macosx;
				WARNING_CFLAGS = "-Wreorder";
				ZERO_LINK = NO;
			};
			name = Release;
		};
		DED0F6115FC20659E50AD49C /* Release */ = {
			isa = XCBuildConfiguration;
			buildSettings = {
				CLANG_CXX_LANGUAGE_STANDARD = "c++14";
				CLANG_CXX_LIBRARY = "libc++";
				CLANG_LINK_OBJC_RUNTIME = NO;
				CODE_SIGN_IDENTITY = "";
				COMBINE_HIDPI_IMAGES = YES;
				CONFIGURATION_BUILD_DIR = "$(PROJECT_DIR)/build/$(CONFIGURATION)";
				DEAD_CODE_STRIPPING = YES;
				GCC_GENERATE_DEBUGGING_SYMBOLS = NO;
				GCC_OPTIMIZATION_LEVEL = 3;
				GCC_PREPROCESSOR_DEFINITIONS = (
					"_NDEBUG=1",
					"NDEBUG=1",
					"JUCE_DISPLAY_SPLASH_SCREEN=1",
					"JUCE_USE_DARK_SPLASH_SCREEN=1",
					"JUCE_PROJUCER_VERSION=0x60008",
					"JUCE_MODULE_AVAILABLE_juce_audio_basics=1",
					"JUCE_MODULE_AVAILABLE_juce_audio_devices=1",
					"JUCE_MODULE_AVAILABLE_juce_audio_formats=1",
					"JUCE_MODULE_AVAILABLE_juce_audio_plugin_client=1",
					"JUCE_MODULE_AVAILABLE_juce_audio_processors=1",
					"JUCE_MODULE_AVAILABLE_juce_audio_utils=1",
					"JUCE_MODULE_AVAILABLE_juce_core=1",
					"JUCE_MODULE_AVAILABLE_juce_data_structures=1",
					"JUCE_MODULE_AVAILABLE_juce_dsp=1",
					"JUCE_MODULE_AVAILABLE_juce_events=1",
					"JUCE_MODULE_AVAILABLE_juce_graphics=1",
					"JUCE_MODULE_AVAILABLE_juce_gui_basics=1",
					"JUCE_MODULE_AVAILABLE_juce_gui_extra=1",
					"JUCE_GLOBAL_MODULE_SETTINGS_INCLUDED=1",
					"JUCE_VST3_CAN_REPLACE_VST2=0",
					"JUCE_STRICT_REFCOUNTEDPOINTER=1",
					"JucePlugin_Build_VST=0",
					"JucePlugin_Build_VST3=0",
					"JucePlugin_Build_AU=0",
					"JucePlugin_Build_AUv3=0",
					"JucePlugin_Build_RTAS=0",
					"JucePlugin_Build_AAX=0",
					"JucePlugin_Build_Standalone=1",
					"JucePlugin_Build_Unity=0",
					"JucePlugin_Enable_IAA=0",
					"JucePlugin_Name=\\\"SurpSynth\\\"",
					"JucePlugin_Desc=\\\"SurpSynth\\\"",
					"JucePlugin_Manufacturer=\\\"Hunter\\ Krasa\\\"",
					"JucePlugin_ManufacturerWebsite=\\\"\\\"",
					"JucePlugin_ManufacturerEmail=\\\"\\\"",
					"JucePlugin_ManufacturerCode=0x4d616e75",
					"JucePlugin_PluginCode=0x5a777565",
					"JucePlugin_IsSynth=1",
					"JucePlugin_WantsMidiInput=1",
					"JucePlugin_ProducesMidiOutput=0",
					"JucePlugin_IsMidiEffect=0",
					"JucePlugin_EditorRequiresKeyboardFocus=0",
					"JucePlugin_Version=1.0.0",
					"JucePlugin_VersionCode=0x10000",
					"JucePlugin_VersionString=\\\"1.0.0\\\"",
					"JucePlugin_VSTUniqueID=JucePlugin_PluginCode",
					"JucePlugin_VSTCategory=kPlugCategSynth",
					"JucePlugin_Vst3Category=\\\"Instrument|Synth\\\"",
					"JucePlugin_AUMainType='aumu'",
					"JucePlugin_AUSubType=JucePlugin_PluginCode",
					"JucePlugin_AUExportPrefix=SurpSynthAU",
					"JucePlugin_AUExportPrefixQuoted=\\\"SurpSynthAU\\\"",
					"JucePlugin_AUManufacturerCode=JucePlugin_ManufacturerCode",
					"JucePlugin_CFBundleIdentifier=com.HunterKrasa.SurpSynth",
					"JucePlugin_RTASCategory=2048",
					"JucePlugin_RTASManufacturerCode=JucePlugin_ManufacturerCode",
					"JucePlugin_RTASProductId=JucePlugin_PluginCode",
					"JucePlugin_RTASDisableBypass=0",
					"JucePlugin_RTASDisableMultiMono=0",
					"JucePlugin_AAXIdentifier=com.HunterKrasa.SurpSynth",
					"JucePlugin_AAXManufacturerCode=JucePlugin_ManufacturerCode",
					"JucePlugin_AAXProductId=JucePlugin_PluginCode",
					"JucePlugin_AAXCategory=2048",
					"JucePlugin_AAXDisableBypass=0",
					"JucePlugin_AAXDisableMultiMono=0",
					"JucePlugin_IAAType=0x61757269",
					"JucePlugin_IAASubType=JucePlugin_PluginCode",
					"JucePlugin_IAAName=\\\"Hunter\\ Krasa:\\ SurpSynth\\\"",
					"JucePlugin_VSTNumMidiInputs=16",
					"JucePlugin_VSTNumMidiOutputs=16",
					"JUCE_STANDALONE_APPLICATION=JucePlugin_Build_Standalone",
					"JUCER_XCODE_MAC_F6D2F4CF=1",
					"JUCE_APP_VERSION=1.0.0",
					"JUCE_APP_VERSION_HEX=0x10000",
				);
				GCC_VERSION = com.apple.compilers.llvm.clang.1_0;
				HEADER_SEARCH_PATHS = (
					"/Users/hunterkrasa/Downloads/JUCE/modules/juce_audio_processors/format_types/VST3_SDK",
					"$(SRCROOT)/../../JuceLibraryCode",
					"/Users/hunterkrasa/Downloads/JUCE/modules",
					"/Users/hunterkrasa/Downloads/JUCE/modules/juce_audio_plugin_client",
					"$(inherited)",
				);
				INFOPLIST_FILE = Info-Standalone_Plugin.plist;
				INFOPLIST_PREPROCESS = NO;
				LLVM_LTO = YES;
				MACOSX_DEPLOYMENT_TARGET = 10.11;
				MTL_HEADER_SEARCH_PATHS = "/Users/hunterkrasa/Downloads/JUCE/modules/juce_audio_processors/format_types/VST3_SDK $(SRCROOT)/../../JuceLibraryCode /Users/hunterkrasa/Downloads/JUCE/modules /Users/hunterkrasa/Downloads/JUCE/modules/juce_audio_plugin_client";
				OTHER_LDFLAGS = "-lSurpSynth";
				PRODUCT_BUNDLE_IDENTIFIER = com.HunterKrasa.SurpSynth;
				PRODUCT_NAME = "SurpSynth";
				USE_HEADERMAP = NO;
				VALID_ARCHS = "i386 x86_64 arm64 arm64e";
			};
			name = Release;
		};
		E53E003A8E7648C99BA4E503 /* Release */ = {
			isa = XCBuildConfiguration;
			buildSettings = {
				CLANG_CXX_LANGUAGE_STANDARD = "c++14";
				CLANG_CXX_LIBRARY = "libc++";
				CLANG_LINK_OBJC_RUNTIME = NO;
				CODE_SIGN_IDENTITY = "";
				COMBINE_HIDPI_IMAGES = YES;
				CONFIGURATION_BUILD_DIR = "$(PROJECT_DIR)/build/$(CONFIGURATION)";
				DEAD_CODE_STRIPPING = YES;
				DEPLOYMENT_LOCATION = YES;
				DSTROOT = /;
				GCC_GENERATE_DEBUGGING_SYMBOLS = NO;
				GCC_OPTIMIZATION_LEVEL = 3;
				GCC_PREPROCESSOR_DEFINITIONS = (
					"_NDEBUG=1",
					"NDEBUG=1",
					"JUCE_DISPLAY_SPLASH_SCREEN=1",
					"JUCE_USE_DARK_SPLASH_SCREEN=1",
					"JUCE_PROJUCER_VERSION=0x60008",
					"JUCE_MODULE_AVAILABLE_juce_audio_basics=1",
					"JUCE_MODULE_AVAILABLE_juce_audio_devices=1",
					"JUCE_MODULE_AVAILABLE_juce_audio_formats=1",
					"JUCE_MODULE_AVAILABLE_juce_audio_plugin_client=1",
					"JUCE_MODULE_AVAILABLE_juce_audio_processors=1",
					"JUCE_MODULE_AVAILABLE_juce_audio_utils=1",
					"JUCE_MODULE_AVAILABLE_juce_core=1",
					"JUCE_MODULE_AVAILABLE_juce_data_structures=1",
					"JUCE_MODULE_AVAILABLE_juce_dsp=1",
					"JUCE_MODULE_AVAILABLE_juce_events=1",
					"JUCE_MODULE_AVAILABLE_juce_graphics=1",
					"JUCE_MODULE_AVAILABLE_juce_gui_basics=1",
					"JUCE_MODULE_AVAILABLE_juce_gui_extra=1",
					"JUCE_GLOBAL_MODULE_SETTINGS_INCLUDED=1",
					"JUCE_VST3_CAN_REPLACE_VST2=0",
					"JUCE_STRICT_REFCOUNTEDPOINTER=1",
					"JucePlugin_Build_VST=0",
					"JucePlugin_Build_VST3=0",
					"JucePlugin_Build_AU=1",
					"JucePlugin_Build_AUv3=0",
					"JucePlugin_Build_RTAS=0",
					"JucePlugin_Build_AAX=0",
					"JucePlugin_Build_Standalone=0",
					"JucePlugin_Build_Unity=0",
					"JucePlugin_Enable_IAA=0",
					"JucePlugin_Name=\\\"SurpSynth\\\"",
					"JucePlugin_Desc=\\\"SurpSynth\\\"",
					"JucePlugin_Manufacturer=\\\"Hunter\\ Krasa\\\"",
					"JucePlugin_ManufacturerWebsite=\\\"\\\"",
					"JucePlugin_ManufacturerEmail=\\\"\\\"",
					"JucePlugin_ManufacturerCode=0x4d616e75",
					"JucePlugin_PluginCode=0x5a777565",
					"JucePlugin_IsSynth=1",
					"JucePlugin_WantsMidiInput=1",
					"JucePlugin_ProducesMidiOutput=0",
					"JucePlugin_IsMidiEffect=0",
					"JucePlugin_EditorRequiresKeyboardFocus=0",
					"JucePlugin_Version=1.0.0",
					"JucePlugin_VersionCode=0x10000",
					"JucePlugin_VersionString=\\\"1.0.0\\\"",
					"JucePlugin_VSTUniqueID=JucePlugin_PluginCode",
					"JucePlugin_VSTCategory=kPlugCategSynth",
					"JucePlugin_Vst3Category=\\\"Instrument|Synth\\\"",
					"JucePlugin_AUMainType='aumu'",
					"JucePlugin_AUSubType=JucePlugin_PluginCode",
					"JucePlugin_AUExportPrefix=SurpSynthAU",
					"JucePlugin_AUExportPrefixQuoted=\\\"SurpSynthAU\\\"",
					"JucePlugin_AUManufacturerCode=JucePlugin_ManufacturerCode",
					"JucePlugin_CFBundleIdentifier=com.HunterKrasa.SurpSynth",
					"JucePlugin_RTASCategory=2048",
					"JucePlugin_RTASManufacturerCode=JucePlugin_ManufacturerCode",
					"JucePlugin_RTASProductId=JucePlugin_PluginCode",
					"JucePlugin_RTASDisableBypass=0",
					"JucePlugin_RTASDisableMultiMono=0",
					"JucePlugin_AAXIdentifier=com.HunterKrasa.SurpSynth",
					"JucePlugin_AAXManufacturerCode=JucePlugin_ManufacturerCode",
					"JucePlugin_AAXProductId=JucePlugin_PluginCode",
					"JucePlugin_AAXCategory=2048",
					"JucePlugin_AAXDisableBypass=0",
					"JucePlugin_AAXDisableMultiMono=0",
					"JucePlugin_IAAType=0x61757269",
					"JucePlugin_IAASubType=JucePlugin_PluginCode",
					"JucePlugin_IAAName=\\\"Hunter\\ Krasa:\\ SurpSynth\\\"",
					"JucePlugin_VSTNumMidiInputs=16",
					"JucePlugin_VSTNumMidiOutputs=16",
					"JUCE_STANDALONE_APPLICATION=JucePlugin_Build_Standalone",
					"JUCER_XCODE_MAC_F6D2F4CF=1",
					"JUCE_APP_VERSION=1.0.0",
					"JUCE_APP_VERSION_HEX=0x10000",
				);
				GCC_VERSION = com.apple.compilers.llvm.clang.1_0;
				GENERATE_PKGINFO_FILE = YES;
				HEADER_SEARCH_PATHS = (
					"/Users/hunterkrasa/Downloads/JUCE/modules/juce_audio_processors/format_types/VST3_SDK",
					"$(SRCROOT)/../../JuceLibraryCode",
					"/Users/hunterkrasa/Downloads/JUCE/modules",
					"/Users/hunterkrasa/Downloads/JUCE/modules/juce_audio_plugin_client",
					"$(inherited)",
				);
				INFOPLIST_FILE = Info-AU.plist;
				INFOPLIST_PREPROCESS = NO;
				INSTALL_PATH = "$(HOME)/Library/Audio/Plug-Ins/Components/";
				LIBRARY_STYLE = Bundle;
				LLVM_LTO = YES;
				MACOSX_DEPLOYMENT_TARGET = 10.11;
				MTL_HEADER_SEARCH_PATHS = "/Users/hunterkrasa/Downloads/JUCE/modules/juce_audio_processors/format_types/VST3_SDK $(SRCROOT)/../../JuceLibraryCode /Users/hunterkrasa/Downloads/JUCE/modules /Users/hunterkrasa/Downloads/JUCE/modules/juce_audio_plugin_client";
				OTHER_LDFLAGS = "-bundle -lSurpSynth";
				OTHER_REZFLAGS = "-d ppc_$ppc -d i386_$i386 -d ppc64_$ppc64 -d x86_64_$x86_64 -I /System/Library/Frameworks/CoreServices.framework/Frameworks/CarbonCore.framework/Versions/A/Headers -I \"$(DEVELOPER_DIR)/Extras/CoreAudio/AudioUnits/AUPublic/AUBase\" -I \"$(DEVELOPER_DIR)/Platforms/MacOSX.platform/Developer/SDKs/MacOSX.sdk/System/Library/Frameworks/AudioUnit.framework/Headers\"";
				PRODUCT_BUNDLE_IDENTIFIER = com.HunterKrasa.SurpSynth;
				PRODUCT_NAME = "SurpSynth";
				USE_HEADERMAP = NO;
				VALID_ARCHS = "i386 x86_64 arm64 arm64e";
				WRAPPER_EXTENSION = component;
			};
			name = Release;
		};
		EACAD963126B178AF8EADD49 /* Debug */ = {
			isa = XCBuildConfiguration;
			buildSettings = {
				CLANG_CXX_LANGUAGE_STANDARD = "c++14";
				CLANG_CXX_LIBRARY = "libc++";
				CLANG_LINK_OBJC_RUNTIME = NO;
				CODE_SIGN_IDENTITY = "";
				COMBINE_HIDPI_IMAGES = YES;
				CONFIGURATION_BUILD_DIR = "$(PROJECT_DIR)/build/$(CONFIGURATION)";
				COPY_PHASE_STRIP = NO;
				GCC_DYNAMIC_NO_PIC = NO;
				GCC_OPTIMIZATION_LEVEL = 0;
				GCC_PREPROCESSOR_DEFINITIONS = (
					"_DEBUG=1",
					"DEBUG=1",
					"JUCE_DISPLAY_SPLASH_SCREEN=1",
					"JUCE_USE_DARK_SPLASH_SCREEN=1",
					"JUCE_PROJUCER_VERSION=0x60008",
					"JUCE_MODULE_AVAILABLE_juce_audio_basics=1",
					"JUCE_MODULE_AVAILABLE_juce_audio_devices=1",
					"JUCE_MODULE_AVAILABLE_juce_audio_formats=1",
					"JUCE_MODULE_AVAILABLE_juce_audio_plugin_client=1",
					"JUCE_MODULE_AVAILABLE_juce_audio_processors=1",
					"JUCE_MODULE_AVAILABLE_juce_audio_utils=1",
					"JUCE_MODULE_AVAILABLE_juce_core=1",
					"JUCE_MODULE_AVAILABLE_juce_data_structures=1",
					"JUCE_MODULE_AVAILABLE_juce_dsp=1",
					"JUCE_MODULE_AVAILABLE_juce_events=1",
					"JUCE_MODULE_AVAILABLE_juce_graphics=1",
					"JUCE_MODULE_AVAILABLE_juce_gui_basics=1",
					"JUCE_MODULE_AVAILABLE_juce_gui_extra=1",
					"JUCE_GLOBAL_MODULE_SETTINGS_INCLUDED=1",
					"JUCE_VST3_CAN_REPLACE_VST2=0",
					"JUCE_STRICT_REFCOUNTEDPOINTER=1",
					"JucePlugin_Build_VST=0",
					"JucePlugin_Build_VST3=0",
					"JucePlugin_Build_AU=0",
					"JucePlugin_Build_AUv3=0",
					"JucePlugin_Build_RTAS=0",
					"JucePlugin_Build_AAX=0",
					"JucePlugin_Build_Standalone=1",
					"JucePlugin_Build_Unity=0",
					"JucePlugin_Enable_IAA=0",
					"JucePlugin_Name=\\\"SurpSynth\\\"",
					"JucePlugin_Desc=\\\"SurpSynth\\\"",
					"JucePlugin_Manufacturer=\\\"Hunter\\ Krasa\\\"",
					"JucePlugin_ManufacturerWebsite=\\\"\\\"",
					"JucePlugin_ManufacturerEmail=\\\"\\\"",
					"JucePlugin_ManufacturerCode=0x4d616e75",
					"JucePlugin_PluginCode=0x5a777565",
					"JucePlugin_IsSynth=1",
					"JucePlugin_WantsMidiInput=1",
					"JucePlugin_ProducesMidiOutput=0",
					"JucePlugin_IsMidiEffect=0",
					"JucePlugin_EditorRequiresKeyboardFocus=0",
					"JucePlugin_Version=1.0.0",
					"JucePlugin_VersionCode=0x10000",
					"JucePlugin_VersionString=\\\"1.0.0\\\"",
					"JucePlugin_VSTUniqueID=JucePlugin_PluginCode",
					"JucePlugin_VSTCategory=kPlugCategSynth",
					"JucePlugin_Vst3Category=\\\"Instrument|Synth\\\"",
					"JucePlugin_AUMainType='aumu'",
					"JucePlugin_AUSubType=JucePlugin_PluginCode",
					"JucePlugin_AUExportPrefix=SurpSynthAU",
					"JucePlugin_AUExportPrefixQuoted=\\\"SurpSynthAU\\\"",
					"JucePlugin_AUManufacturerCode=JucePlugin_ManufacturerCode",
					"JucePlugin_CFBundleIdentifier=com.HunterKrasa.SurpSynth",
					"JucePlugin_RTASCategory=2048",
					"JucePlugin_RTASManufacturerCode=JucePlugin_ManufacturerCode",
					"JucePlugin_RTASProductId=JucePlugin_PluginCode",
					"JucePlugin_RTASDisableBypass=0",
					"JucePlugin_RTASDisableMultiMono=0",
					"JucePlugin_AAXIdentifier=com.HunterKrasa.SurpSynth",
					"JucePlugin_AAXManufacturerCode=JucePlugin_ManufacturerCode",
					"JucePlugin_AAXProductId=JucePlugin_PluginCode",
					"JucePlugin_AAXCategory=2048",
					"JucePlugin_AAXDisableBypass=0",
					"JucePlugin_AAXDisableMultiMono=0",
					"JucePlugin_IAAType=0x61757269",
					"JucePlugin_IAASubType=JucePlugin_PluginCode",
					"JucePlugin_IAAName=\\\"Hunter\\ Krasa:\\ SurpSynth\\\"",
					"JucePlugin_VSTNumMidiInputs=16",
					"JucePlugin_VSTNumMidiOutputs=16",
					"JUCE_STANDALONE_APPLICATION=JucePlugin_Build_Standalone",
					"JUCER_XCODE_MAC_F6D2F4CF=1",
					"JUCE_APP_VERSION=1.0.0",
					"JUCE_APP_VERSION_HEX=0x10000",
				);
				GCC_VERSION = com.apple.compilers.llvm.clang.1_0;
				HEADER_SEARCH_PATHS = (
					"/Users/hunterkrasa/Downloads/JUCE/modules/juce_audio_processors/format_types/VST3_SDK",
					"$(SRCROOT)/../../JuceLibraryCode",
					"/Users/hunterkrasa/Downloads/JUCE/modules",
					"/Users/hunterkrasa/Downloads/JUCE/modules/juce_audio_plugin_client",
					"$(inherited)",
				);
				INFOPLIST_FILE = Info-Standalone_Plugin.plist;
				INFOPLIST_PREPROCESS = NO;
				MACOSX_DEPLOYMENT_TARGET = 10.11;
				MTL_HEADER_SEARCH_PATHS = "/Users/hunterkrasa/Downloads/JUCE/modules/juce_audio_processors/format_types/VST3_SDK $(SRCROOT)/../../JuceLibraryCode /Users/hunterkrasa/Downloads/JUCE/modules /Users/hunterkrasa/Downloads/JUCE/modules/juce_audio_plugin_client";
				OTHER_LDFLAGS = "-lSurpSynth";
				PRODUCT_BUNDLE_IDENTIFIER = com.HunterKrasa.SurpSynth;
				PRODUCT_NAME = "SurpSynth";
				USE_HEADERMAP = NO;
				VALID_ARCHS = "i386 x86_64 arm64 arm64e";
			};
			name = Debug;
		};
		FC98864CCDFC7169612BE76D /* Debug */ = {
			isa = XCBuildConfiguration;
			buildSettings = {
				CLANG_CXX_LANGUAGE_STANDARD = "c++14";
				CLANG_CXX_LIBRARY = "libc++";
				CLANG_LINK_OBJC_RUNTIME = NO;
				CODE_SIGN_IDENTITY = "";
				COMBINE_HIDPI_IMAGES = YES;
				CONFIGURATION_BUILD_DIR = "$(PROJECT_DIR)/build/$(CONFIGURATION)";
				COPY_PHASE_STRIP = NO;
				DEPLOYMENT_LOCATION = YES;
				DSTROOT = /;
				GCC_DYNAMIC_NO_PIC = NO;
				GCC_OPTIMIZATION_LEVEL = 0;
				GCC_PREPROCESSOR_DEFINITIONS = (
					"_DEBUG=1",
					"DEBUG=1",
					"JUCE_DISPLAY_SPLASH_SCREEN=1",
					"JUCE_USE_DARK_SPLASH_SCREEN=1",
					"JUCE_PROJUCER_VERSION=0x60008",
					"JUCE_MODULE_AVAILABLE_juce_audio_basics=1",
					"JUCE_MODULE_AVAILABLE_juce_audio_devices=1",
					"JUCE_MODULE_AVAILABLE_juce_audio_formats=1",
					"JUCE_MODULE_AVAILABLE_juce_audio_plugin_client=1",
					"JUCE_MODULE_AVAILABLE_juce_audio_processors=1",
					"JUCE_MODULE_AVAILABLE_juce_audio_utils=1",
					"JUCE_MODULE_AVAILABLE_juce_core=1",
					"JUCE_MODULE_AVAILABLE_juce_data_structures=1",
					"JUCE_MODULE_AVAILABLE_juce_dsp=1",
					"JUCE_MODULE_AVAILABLE_juce_events=1",
					"JUCE_MODULE_AVAILABLE_juce_graphics=1",
					"JUCE_MODULE_AVAILABLE_juce_gui_basics=1",
					"JUCE_MODULE_AVAILABLE_juce_gui_extra=1",
					"JUCE_GLOBAL_MODULE_SETTINGS_INCLUDED=1",
					"JUCE_VST3_CAN_REPLACE_VST2=0",
					"JUCE_STRICT_REFCOUNTEDPOINTER=1",
					"JucePlugin_Build_VST=0",
					"JucePlugin_Build_VST3=0",
					"JucePlugin_Build_AU=1",
					"JucePlugin_Build_AUv3=0",
					"JucePlugin_Build_RTAS=0",
					"JucePlugin_Build_AAX=0",
					"JucePlugin_Build_Standalone=0",
					"JucePlugin_Build_Unity=0",
					"JucePlugin_Enable_IAA=0",
					"JucePlugin_Name=\\\"SurpSynth\\\"",
					"JucePlugin_Desc=\\\"SurpSynth\\\"",
					"JucePlugin_Manufacturer=\\\"Hunter\\ Krasa\\\"",
					"JucePlugin_ManufacturerWebsite=\\\"\\\"",
					"JucePlugin_ManufacturerEmail=\\\"\\\"",
					"JucePlugin_ManufacturerCode=0x4d616e75",
					"JucePlugin_PluginCode=0x5a777565",
					"JucePlugin_IsSynth=1",
					"JucePlugin_WantsMidiInput=1",
					"JucePlugin_ProducesMidiOutput=0",
					"JucePlugin_IsMidiEffect=0",
					"JucePlugin_EditorRequiresKeyboardFocus=0",
					"JucePlugin_Version=1.0.0",
					"JucePlugin_VersionCode=0x10000",
					"JucePlugin_VersionString=\\\"1.0.0\\\"",
					"JucePlugin_VSTUniqueID=JucePlugin_PluginCode",
					"JucePlugin_VSTCategory=kPlugCategSynth",
					"JucePlugin_Vst3Category=\\\"Instrument|Synth\\\"",
					"JucePlugin_AUMainType='aumu'",
					"JucePlugin_AUSubType=JucePlugin_PluginCode",
					"JucePlugin_AUExportPrefix=SurpSynthAU",
					"JucePlugin_AUExportPrefixQuoted=\\\"SurpSynthAU\\\"",
					"JucePlugin_AUManufacturerCode=JucePlugin_ManufacturerCode",
					"JucePlugin_CFBundleIdentifier=com.HunterKrasa.SurpSynth",
					"JucePlugin_RTASCategory=2048",
					"JucePlugin_RTASManufacturerCode=JucePlugin_ManufacturerCode",
					"JucePlugin_RTASProductId=JucePlugin_PluginCode",
					"JucePlugin_RTASDisableBypass=0",
					"JucePlugin_RTASDisableMultiMono=0",
					"JucePlugin_AAXIdentifier=com.HunterKrasa.SurpSynth",
					"JucePlugin_AAXManufacturerCode=JucePlugin_ManufacturerCode",
					"JucePlugin_AAXProductId=JucePlugin_PluginCode",
					"JucePlugin_AAXCategory=2048",
					"JucePlugin_AAXDisableBypass=0",
					"JucePlugin_AAXDisableMultiMono=0",
					"JucePlugin_IAAType=0x61757269",
					"JucePlugin_IAASubType=JucePlugin_PluginCode",
					"JucePlugin_IAAName=\\\"Hunter\\ Krasa:\\ SurpSynth\\\"",
					"JucePlugin_VSTNumMidiInputs=16",
					"JucePlugin_VSTNumMidiOutputs=16",
					"JUCE_STANDALONE_APPLICATION=JucePlugin_Build_Standalone",
					"JUCER_XCODE_MAC_F6D2F4CF=1",
					"JUCE_APP_VERSION=1.0.0",
					"JUCE_APP_VERSION_HEX=0x10000",
				);
				GCC_VERSION = com.apple.compilers.llvm.clang.1_0;
				GENERATE_PKGINFO_FILE = YES;
				HEADER_SEARCH_PATHS = (
					"/Users/hunterkrasa/Downloads/JUCE/modules/juce_audio_processors/format_types/VST3_SDK",
					"$(SRCROOT)/../../JuceLibraryCode",
					"/Users/hunterkrasa/Downloads/JUCE/modules",
					"/Users/hunterkrasa/Downloads/JUCE/modules/juce_audio_plugin_client",
					"$(inherited)",
				);
				INFOPLIST_FILE = Info-AU.plist;
				INFOPLIST_PREPROCESS = NO;
				INSTALL_PATH = "$(HOME)/Library/Audio/Plug-Ins/Components/";
				LIBRARY_STYLE = Bundle;
				MACOSX_DEPLOYMENT_TARGET = 10.11;
				MTL_HEADER_SEARCH_PATHS = "/Users/hunterkrasa/Downloads/JUCE/modules/juce_audio_processors/format_types/VST3_SDK $(SRCROOT)/../../JuceLibraryCode /Users/hunterkrasa/Downloads/JUCE/modules /Users/hunterkrasa/Downloads/JUCE/modules/juce_audio_plugin_client";
				OTHER_LDFLAGS = "-bundle -lSurpSynth";
				OTHER_REZFLAGS = "-d ppc_$ppc -d i386_$i386 -d ppc64_$ppc64 -d x86_64_$x86_64 -I /System/Library/Frameworks/CoreServices.framework/Frameworks/CarbonCore.framework/Versions/A/Headers -I \"$(DEVELOPER_DIR)/Extras/CoreAudio/AudioUnits/AUPublic/AUBase\" -I \"$(DEVELOPER_DIR)/Platforms/MacOSX.platform/Developer/SDKs/MacOSX.sdk/System/Library/Frameworks/AudioUnit.framework/Headers\"";
				PRODUCT_BUNDLE_IDENTIFIER = com.HunterKrasa.SurpSynth;
				PRODUCT_NAME = "SurpSynth";
				USE_HEADERMAP = NO;
				VALID_ARCHS = "i386 x86_64 arm64 arm64e";
				WRAPPER_EXTENSION = component;
			};
			name = Debug;
		};
/* End XCBuildConfiguration section */

/* Begin XCConfigurationList section */
		0AAC76AA30D5604F7C65498A = {
			isa = XCConfigurationList;
			buildConfigurations = (
				7382AF534286D8E02F69BCCC,
				39E89C08301CA3D1FBF077A9,
			);
			defaultConfigurationIsVisible = 0;
			defaultConfigurationName = Debug;
		};
		2AF19762C8BD8EFF8AE855F6 = {
			isa = XCConfigurationList;
			buildConfigurations = (
				09C346D40B231B85C5348789,
				153771AE01388EE895294E34,
			);
			defaultConfigurationIsVisible = 0;
			defaultConfigurationName = Debug;
		};
		64569F82EB63A923FBB1142E = {
			isa = XCConfigurationList;
			buildConfigurations = (
				FC98864CCDFC7169612BE76D,
				E53E003A8E7648C99BA4E503,
			);
			defaultConfigurationIsVisible = 0;
			defaultConfigurationName = Debug;
		};
		943D94D4E8D6E61F1CA2FC8C = {
			isa = XCConfigurationList;
			buildConfigurations = (
				EACAD963126B178AF8EADD49,
				DED0F6115FC20659E50AD49C,
			);
			defaultConfigurationIsVisible = 0;
			defaultConfigurationName = Debug;
		};
		D37165C568638746D168CB89 = {
			isa = XCConfigurationList;
			buildConfigurations = (
				2AFC9A4AC07206B1432F72D7,
				9AABDAACC228F53E9243C347,
			);
			defaultConfigurationIsVisible = 0;
			defaultConfigurationName = Debug;
		};
		D6EC6E5F90D22D0534C97AAB = {
			isa = XCConfigurationList;
			buildConfigurations = (
				28D19C91B7352BE4A687749D,
				55D327C82C23C0DA538F89A9,
			);
			defaultConfigurationIsVisible = 0;
			defaultConfigurationName = Debug;
		};
/* End XCConfigurationList section */
	};
	rootObject = F3076977344D494CD29FB5F2 /* Project object */;
}
